# This file is automatically @generated by Poetry 2.2.1 and should not be changed by hand.

[[package]]
name = "colorama"
version = "0.4.6"
description = "Cross-platform colored terminal text."
optional = false
python-versions = "!=3.0.*,!=3.1.*,!=3.2.*,!=3.3.*,!=3.4.*,!=3.5.*,!=3.6.*,>=2.7"
groups = ["dev"]
markers = "sys_platform == \"win32\""
files = [
    {file = "colorama-0.4.6-py2.py3-none-any.whl", hash = "sha256:4f1d9991f5acc0ca119f9d443620b77f9d6b33703e51011c16baf57afb285fc6"},
    {file = "colorama-0.4.6.tar.gz", hash = "sha256:08695f5cb7ed6e0531a20572697297273c47b8cae5a63ffc6d6ed5c201be6e44"},
]

[[package]]
name = "coverage"
version = "7.12.0"
description = "Code coverage measurement for Python"
optional = false
python-versions = ">=3.10"
groups = ["dev"]
files = [
    {file = "coverage-7.12.0-cp310-cp310-macosx_10_9_x86_64.whl", hash = "sha256:32b75c2ba3f324ee37af3ccee5b30458038c50b349ad9b88cee85096132a575b"},
    {file = "coverage-7.12.0-cp310-cp310-macosx_11_0_arm64.whl", hash = "sha256:cb2a1b6ab9fe833714a483a915de350abc624a37149649297624c8d57add089c"},
    {file = "coverage-7.12.0-cp310-cp310-manylinux1_i686.manylinux_2_28_i686.manylinux_2_5_i686.whl", hash = "sha256:5734b5d913c3755e72f70bf6cc37a0518d4f4745cde760c5d8e12005e62f9832"},
    {file = "coverage-7.12.0-cp310-cp310-manylinux1_x86_64.manylinux_2_28_x86_64.manylinux_2_5_x86_64.whl", hash = "sha256:b527a08cdf15753279b7afb2339a12073620b761d79b81cbe2cdebdb43d90daa"},
    {file = "coverage-7.12.0-cp310-cp310-manylinux2014_aarch64.manylinux_2_17_aarch64.manylinux_2_28_aarch64.whl", hash = "sha256:9bb44c889fb68004e94cab71f6a021ec83eac9aeabdbb5a5a88821ec46e1da73"},
    {file = "coverage-7.12.0-cp310-cp310-manylinux_2_31_riscv64.manylinux_2_39_riscv64.whl", hash = "sha256:4b59b501455535e2e5dde5881739897967b272ba25988c89145c12d772810ccb"},
    {file = "coverage-7.12.0-cp310-cp310-musllinux_1_2_aarch64.whl", hash = "sha256:d8842f17095b9868a05837b7b1b73495293091bed870e099521ada176aa3e00e"},
    {file = "coverage-7.12.0-cp310-cp310-musllinux_1_2_i686.whl", hash = "sha256:c5a6f20bf48b8866095c6820641e7ffbe23f2ac84a2efc218d91235e404c7777"},
    {file = "coverage-7.12.0-cp310-cp310-musllinux_1_2_riscv64.whl", hash = "sha256:5f3738279524e988d9da2893f307c2093815c623f8d05a8f79e3eff3a7a9e553"},
    {file = "coverage-7.12.0-cp310-cp310-musllinux_1_2_x86_64.whl", hash = "sha256:e0d68c1f7eabbc8abe582d11fa393ea483caf4f44b0af86881174769f185c94d"},
    {file = "coverage-7.12.0-cp310-cp310-win32.whl", hash = "sha256:7670d860e18b1e3ee5930b17a7d55ae6287ec6e55d9799982aa103a2cc1fa2ef"},
    {file = "coverage-7.12.0-cp310-cp310-win_amd64.whl", hash = "sha256:f999813dddeb2a56aab5841e687b68169da0d3f6fc78ccf50952fa2463746022"},
    {file = "coverage-7.12.0-cp311-cp311-macosx_10_9_x86_64.whl", hash = "sha256:aa124a3683d2af98bd9d9c2bfa7a5076ca7e5ab09fdb96b81fa7d89376ae928f"},
    {file = "coverage-7.12.0-cp311-cp311-macosx_11_0_arm64.whl", hash = "sha256:d93fbf446c31c0140208dcd07c5d882029832e8ed7891a39d6d44bd65f2316c3"},
    {file = "coverage-7.12.0-cp311-cp311-manylinux1_i686.manylinux_2_28_i686.manylinux_2_5_i686.whl", hash = "sha256:52ca620260bd8cd6027317bdd8b8ba929be1d741764ee765b42c4d79a408601e"},
    {file = "coverage-7.12.0-cp311-cp311-manylinux1_x86_64.manylinux_2_28_x86_64.manylinux_2_5_x86_64.whl", hash = "sha256:f3433ffd541380f3a0e423cff0f4926d55b0cc8c1d160fdc3be24a4c03aa65f7"},
    {file = "coverage-7.12.0-cp311-cp311-manylinux2014_aarch64.manylinux_2_17_aarch64.manylinux_2_28_aarch64.whl", hash = "sha256:f7bbb321d4adc9f65e402c677cd1c8e4c2d0105d3ce285b51b4d87f1d5db5245"},
    {file = "coverage-7.12.0-cp311-cp311-manylinux_2_31_riscv64.manylinux_2_39_riscv64.whl", hash = "sha256:22a7aade354a72dff3b59c577bfd18d6945c61f97393bc5fb7bd293a4237024b"},
    {file = "coverage-7.12.0-cp311-cp311-musllinux_1_2_aarch64.whl", hash = "sha256:3ff651dcd36d2fea66877cd4a82de478004c59b849945446acb5baf9379a1b64"},
    {file = "coverage-7.12.0-cp311-cp311-musllinux_1_2_i686.whl", hash = "sha256:31b8b2e38391a56e3cea39d22a23faaa7c3fc911751756ef6d2621d2a9daf742"},
    {file = "coverage-7.12.0-cp311-cp311-musllinux_1_2_riscv64.whl", hash = "sha256:297bc2da28440f5ae51c845a47c8175a4db0553a53827886e4fb25c66633000c"},
    {file = "coverage-7.12.0-cp311-cp311-musllinux_1_2_x86_64.whl", hash = "sha256:6ff7651cc01a246908eac162a6a86fc0dbab6de1ad165dfb9a1e2ec660b44984"},
    {file = "coverage-7.12.0-cp311-cp311-win32.whl", hash = "sha256:313672140638b6ddb2c6455ddeda41c6a0b208298034544cfca138978c6baed6"},
    {file = "coverage-7.12.0-cp311-cp311-win_amd64.whl", hash = "sha256:a1783ed5bd0d5938d4435014626568dc7f93e3cb99bc59188cc18857c47aa3c4"},
    {file = "coverage-7.12.0-cp311-cp311-win_arm64.whl", hash = "sha256:4648158fd8dd9381b5847622df1c90ff314efbfc1df4550092ab6013c238a5fc"},
    {file = "coverage-7.12.0-cp312-cp312-macosx_10_13_x86_64.whl", hash = "sha256:29644c928772c78512b48e14156b81255000dcfd4817574ff69def189bcb3647"},
    {file = "coverage-7.12.0-cp312-cp312-macosx_11_0_arm64.whl", hash = "sha256:8638cbb002eaa5d7c8d04da667813ce1067080b9a91099801a0053086e52b736"},
    {file = "coverage-7.12.0-cp312-cp312-manylinux1_i686.manylinux_2_28_i686.manylinux_2_5_i686.whl", hash = "sha256:083631eeff5eb9992c923e14b810a179798bb598e6a0dd60586819fc23be6e60"},
    {file = "coverage-7.12.0-cp312-cp312-manylinux1_x86_64.manylinux_2_28_x86_64.manylinux_2_5_x86_64.whl", hash = "sha256:99d5415c73ca12d558e07776bd957c4222c687b9f1d26fa0e1b57e3598bdcde8"},
    {file = "coverage-7.12.0-cp312-cp312-manylinux2014_aarch64.manylinux_2_17_aarch64.manylinux_2_28_aarch64.whl", hash = "sha256:e949ebf60c717c3df63adb4a1a366c096c8d7fd8472608cd09359e1bd48ef59f"},
    {file = "coverage-7.12.0-cp312-cp312-manylinux_2_31_riscv64.manylinux_2_39_riscv64.whl", hash = "sha256:6d907ddccbca819afa2cd014bc69983b146cca2735a0b1e6259b2a6c10be1e70"},
    {file = "coverage-7.12.0-cp312-cp312-musllinux_1_2_aarch64.whl", hash = "sha256:b1518ecbad4e6173f4c6e6c4a46e49555ea5679bf3feda5edb1b935c7c44e8a0"},
    {file = "coverage-7.12.0-cp312-cp312-musllinux_1_2_i686.whl", hash = "sha256:51777647a749abdf6f6fd8c7cffab12de68ab93aab15efc72fbbb83036c2a068"},
    {file = "coverage-7.12.0-cp312-cp312-musllinux_1_2_riscv64.whl", hash = "sha256:42435d46d6461a3b305cdfcad7cdd3248787771f53fe18305548cba474e6523b"},
    {file = "coverage-7.12.0-cp312-cp312-musllinux_1_2_x86_64.whl", hash = "sha256:5bcead88c8423e1855e64b8057d0544e33e4080b95b240c2a355334bb7ced937"},
    {file = "coverage-7.12.0-cp312-cp312-win32.whl", hash = "sha256:dcbb630ab034e86d2a0f79aefd2be07e583202f41e037602d438c80044957baa"},
    {file = "coverage-7.12.0-cp312-cp312-win_amd64.whl", hash = "sha256:2fd8354ed5d69775ac42986a691fbf68b4084278710cee9d7c3eaa0c28fa982a"},
    {file = "coverage-7.12.0-cp312-cp312-win_arm64.whl", hash = "sha256:737c3814903be30695b2de20d22bcc5428fdae305c61ba44cdc8b3252984c49c"},
    {file = "coverage-7.12.0-cp313-cp313-macosx_10_13_x86_64.whl", hash = "sha256:47324fffca8d8eae7e185b5bb20c14645f23350f870c1649003618ea91a78941"},
    {file = "coverage-7.12.0-cp313-cp313-macosx_11_0_arm64.whl", hash = "sha256:ccf3b2ede91decd2fb53ec73c1f949c3e034129d1e0b07798ff1d02ea0c8fa4a"},
    {file = "coverage-7.12.0-cp313-cp313-manylinux1_i686.manylinux_2_28_i686.manylinux_2_5_i686.whl", hash = "sha256:b365adc70a6936c6b0582dc38746b33b2454148c02349345412c6e743efb646d"},
    {file = "coverage-7.12.0-cp313-cp313-manylinux1_x86_64.manylinux_2_28_x86_64.manylinux_2_5_x86_64.whl", hash = "sha256:bc13baf85cd8a4cfcf4a35c7bc9d795837ad809775f782f697bf630b7e200211"},
    {file = "coverage-7.12.0-cp313-cp313-manylinux2014_aarch64.manylinux_2_17_aarch64.manylinux_2_28_aarch64.whl", hash = "sha256:099d11698385d572ceafb3288a5b80fe1fc58bf665b3f9d362389de488361d3d"},
    {file = "coverage-7.12.0-cp313-cp313-manylinux_2_31_riscv64.manylinux_2_39_riscv64.whl", hash = "sha256:473dc45d69694069adb7680c405fb1e81f60b2aff42c81e2f2c3feaf544d878c"},
    {file = "coverage-7.12.0-cp313-cp313-musllinux_1_2_aarch64.whl", hash = "sha256:583f9adbefd278e9de33c33d6846aa8f5d164fa49b47144180a0e037f0688bb9"},
    {file = "coverage-7.12.0-cp313-cp313-musllinux_1_2_i686.whl", hash = "sha256:b2089cc445f2dc0af6f801f0d1355c025b76c24481935303cf1af28f636688f0"},
    {file = "coverage-7.12.0-cp313-cp313-musllinux_1_2_riscv64.whl", hash = "sha256:950411f1eb5d579999c5f66c62a40961f126fc71e5e14419f004471957b51508"},
    {file = "coverage-7.12.0-cp313-cp313-musllinux_1_2_x86_64.whl", hash = "sha256:b1aab7302a87bafebfe76b12af681b56ff446dc6f32ed178ff9c092ca776e6bc"},
    {file = "coverage-7.12.0-cp313-cp313-win32.whl", hash = "sha256:d7e0d0303c13b54db495eb636bc2465b2fb8475d4c8bcec8fe4b5ca454dfbae8"},
    {file = "coverage-7.12.0-cp313-cp313-win_amd64.whl", hash = "sha256:ce61969812d6a98a981d147d9ac583a36ac7db7766f2e64a9d4d059c2fe29d07"},
    {file = "coverage-7.12.0-cp313-cp313-win_arm64.whl", hash = "sha256:bcec6f47e4cb8a4c2dc91ce507f6eefc6a1b10f58df32cdc61dff65455031dfc"},
    {file = "coverage-7.12.0-cp313-cp313t-macosx_10_13_x86_64.whl", hash = "sha256:459443346509476170d553035e4a3eed7b860f4fe5242f02de1010501956ce87"},
    {file = "coverage-7.12.0-cp313-cp313t-macosx_11_0_arm64.whl", hash = "sha256:04a79245ab2b7a61688958f7a855275997134bc84f4a03bc240cf64ff132abf6"},
    {file = "coverage-7.12.0-cp313-cp313t-manylinux1_i686.manylinux_2_28_i686.manylinux_2_5_i686.whl", hash = "sha256:09a86acaaa8455f13d6a99221d9654df249b33937b4e212b4e5a822065f12aa7"},
    {file = "coverage-7.12.0-cp313-cp313t-manylinux1_x86_64.manylinux_2_28_x86_64.manylinux_2_5_x86_64.whl", hash = "sha256:907e0df1b71ba77463687a74149c6122c3f6aac56c2510a5d906b2f368208560"},
    {file = "coverage-7.12.0-cp313-cp313t-manylinux2014_aarch64.manylinux_2_17_aarch64.manylinux_2_28_aarch64.whl", hash = "sha256:9b57e2d0ddd5f0582bae5437c04ee71c46cd908e7bc5d4d0391f9a41e812dd12"},
    {file = "coverage-7.12.0-cp313-cp313t-manylinux_2_31_riscv64.manylinux_2_39_riscv64.whl", hash = "sha256:58c1c6aa677f3a1411fe6fb28ec3a942e4f665df036a3608816e0847fad23296"},
    {file = "coverage-7.12.0-cp313-cp313t-musllinux_1_2_aarch64.whl", hash = "sha256:4c589361263ab2953e3c4cd2a94db94c4ad4a8e572776ecfbad2389c626e4507"},
    {file = "coverage-7.12.0-cp313-cp313t-musllinux_1_2_i686.whl", hash = "sha256:91b810a163ccad2e43b1faa11d70d3cf4b6f3d83f9fd5f2df82a32d47b648e0d"},
    {file = "coverage-7.12.0-cp313-cp313t-musllinux_1_2_riscv64.whl", hash = "sha256:40c867af715f22592e0d0fb533a33a71ec9e0f73a6945f722a0c85c8c1cbe3a2"},
    {file = "coverage-7.12.0-cp313-cp313t-musllinux_1_2_x86_64.whl", hash = "sha256:68b0d0a2d84f333de875666259dadf28cc67858bc8fd8b3f1eae84d3c2bec455"},
    {file = "coverage-7.12.0-cp313-cp313t-win32.whl", hash = "sha256:73f9e7fbd51a221818fd11b7090eaa835a353ddd59c236c57b2199486b116c6d"},
    {file = "coverage-7.12.0-cp313-cp313t-win_amd64.whl", hash = "sha256:24cff9d1f5743f67db7ba46ff284018a6e9aeb649b67aa1e70c396aa1b7cb23c"},
    {file = "coverage-7.12.0-cp313-cp313t-win_arm64.whl", hash = "sha256:c87395744f5c77c866d0f5a43d97cc39e17c7f1cb0115e54a2fe67ca75c5d14d"},
    {file = "coverage-7.12.0-cp314-cp314-macosx_10_15_x86_64.whl", hash = "sha256:a1c59b7dc169809a88b21a936eccf71c3895a78f5592051b1af8f4d59c2b4f92"},
    {file = "coverage-7.12.0-cp314-cp314-macosx_11_0_arm64.whl", hash = "sha256:8787b0f982e020adb732b9f051f3e49dd5054cebbc3f3432061278512a2b1360"},
    {file = "coverage-7.12.0-cp314-cp314-manylinux1_i686.manylinux_2_28_i686.manylinux_2_5_i686.whl", hash = "sha256:5ea5a9f7dc8877455b13dd1effd3202e0bca72f6f3ab09f9036b1bcf728f69ac"},
    {file = "coverage-7.12.0-cp314-cp314-manylinux1_x86_64.manylinux_2_28_x86_64.manylinux_2_5_x86_64.whl", hash = "sha256:fdba9f15849534594f60b47c9a30bc70409b54947319a7c4fd0e8e3d8d2f355d"},
    {file = "coverage-7.12.0-cp314-cp314-manylinux2014_aarch64.manylinux_2_17_aarch64.manylinux_2_28_aarch64.whl", hash = "sha256:a00594770eb715854fb1c57e0dea08cce6720cfbc531accdb9850d7c7770396c"},
    {file = "coverage-7.12.0-cp314-cp314-manylinux_2_31_riscv64.manylinux_2_39_riscv64.whl", hash = "sha256:5560c7e0d82b42eb1951e4f68f071f8017c824ebfd5a6ebe42c60ac16c6c2434"},
    {file = "coverage-7.12.0-cp314-cp314-musllinux_1_2_aarch64.whl", hash = "sha256:d6c2e26b481c9159c2773a37947a9718cfdc58893029cdfb177531793e375cfc"},
    {file = "coverage-7.12.0-cp314-cp314-musllinux_1_2_i686.whl", hash = "sha256:6e1a8c066dabcde56d5d9fed6a66bc19a2883a3fe051f0c397a41fc42aedd4cc"},
    {file = "coverage-7.12.0-cp314-cp314-musllinux_1_2_riscv64.whl", hash = "sha256:f7ba9da4726e446d8dd8aae5a6cd872511184a5d861de80a86ef970b5dacce3e"},
    {file = "coverage-7.12.0-cp314-cp314-musllinux_1_2_x86_64.whl", hash = "sha256:e0f483ab4f749039894abaf80c2f9e7ed77bbf3c737517fb88c8e8e305896a17"},
    {file = "coverage-7.12.0-cp314-cp314-win32.whl", hash = "sha256:76336c19a9ef4a94b2f8dc79f8ac2da3f193f625bb5d6f51a328cd19bfc19933"},
    {file = "coverage-7.12.0-cp314-cp314-win_amd64.whl", hash = "sha256:7c1059b600aec6ef090721f8f633f60ed70afaffe8ecab85b59df748f24b31fe"},
    {file = "coverage-7.12.0-cp314-cp314-win_arm64.whl", hash = "sha256:172cf3a34bfef42611963e2b661302a8931f44df31629e5b1050567d6b90287d"},
    {file = "coverage-7.12.0-cp314-cp314t-macosx_10_15_x86_64.whl", hash = "sha256:aa7d48520a32cb21c7a9b31f81799e8eaec7239db36c3b670be0fa2403828d1d"},
    {file = "coverage-7.12.0-cp314-cp314t-macosx_11_0_arm64.whl", hash = "sha256:90d58ac63bc85e0fb919f14d09d6caa63f35a5512a2205284b7816cafd21bb03"},
    {file = "coverage-7.12.0-cp314-cp314t-manylinux1_i686.manylinux_2_28_i686.manylinux_2_5_i686.whl", hash = "sha256:ca8ecfa283764fdda3eae1bdb6afe58bf78c2c3ec2b2edcb05a671f0bba7b3f9"},
    {file = "coverage-7.12.0-cp314-cp314t-manylinux1_x86_64.manylinux_2_28_x86_64.manylinux_2_5_x86_64.whl", hash = "sha256:874fe69a0785d96bd066059cd4368022cebbec1a8958f224f0016979183916e6"},
    {file = "coverage-7.12.0-cp314-cp314t-manylinux2014_aarch64.manylinux_2_17_aarch64.manylinux_2_28_aarch64.whl", hash = "sha256:5b3c889c0b8b283a24d721a9eabc8ccafcfc3aebf167e4cd0d0e23bf8ec4e339"},
    {file = "coverage-7.12.0-cp314-cp314t-manylinux_2_31_riscv64.manylinux_2_39_riscv64.whl", hash = "sha256:8bb5b894b3ec09dcd6d3743229dc7f2c42ef7787dc40596ae04c0edda487371e"},
    {file = "coverage-7.12.0-cp314-cp314t-musllinux_1_2_aarch64.whl", hash = "sha256:79a44421cd5fba96aa57b5e3b5a4d3274c449d4c622e8f76882d76635501fd13"},
    {file = "coverage-7.12.0-cp314-cp314t-musllinux_1_2_i686.whl", hash = "sha256:33baadc0efd5c7294f436a632566ccc1f72c867f82833eb59820ee37dc811c6f"},
    {file = "coverage-7.12.0-cp314-cp314t-musllinux_1_2_riscv64.whl", hash = "sha256:c406a71f544800ef7e9e0000af706b88465f3573ae8b8de37e5f96c59f689ad1"},
    {file = "coverage-7.12.0-cp314-cp314t-musllinux_1_2_x86_64.whl", hash = "sha256:e71bba6a40883b00c6d571599b4627f50c360b3d0d02bfc658168936be74027b"},
    {file = "coverage-7.12.0-cp314-cp314t-win32.whl", hash = "sha256:9157a5e233c40ce6613dead4c131a006adfda70e557b6856b97aceed01b0e27a"},
    {file = "coverage-7.12.0-cp314-cp314t-win_amd64.whl", hash = "sha256:e84da3a0fd233aeec797b981c51af1cabac74f9bd67be42458365b30d11b5291"},
    {file = "coverage-7.12.0-cp314-cp314t-win_arm64.whl", hash = "sha256:01d24af36fedda51c2b1aca56e4330a3710f83b02a5ff3743a6b015ffa7c9384"},
    {file = "coverage-7.12.0-py3-none-any.whl", hash = "sha256:159d50c0b12e060b15ed3d39f87ed43d4f7f7ad40b8a534f4dd331adbb51104a"},
    {file = "coverage-7.12.0.tar.gz", hash = "sha256:fc11e0a4e372cb5f282f16ef90d4a585034050ccda536451901abfb19a57f40c"},
]

[package.extras]
toml = ["tomli ; python_full_version <= \"3.11.0a6\""]

[[package]]
name = "iniconfig"
version = "2.0.0"
description = "brain-dead simple config-ini parsing"
optional = false
python-versions = ">=3.7"
groups = ["dev"]
files = [
    {file = "iniconfig-2.0.0-py3-none-any.whl", hash = "sha256:b6a85871a79d2e3b22d2d1b94ac2824226a63c6b741c88f7ae975f18b6778374"},
    {file = "iniconfig-2.0.0.tar.gz", hash = "sha256:2d91e135bf72d31a410b17c16da610a82cb55f6b0477d1a902134b24a455b8b3"},
]

[[package]]
name = "librt"
version = "0.6.3"
description = "Mypyc runtime library"
optional = false
python-versions = ">=3.9"
groups = ["dev"]
files = [
    {file = "librt-0.6.3-cp310-cp310-macosx_10_9_x86_64.whl", hash = "sha256:45660d26569cc22ed30adf583389d8a0d1b468f8b5e518fcf9bfe2cd298f9dd1"},
    {file = "librt-0.6.3-cp310-cp310-macosx_11_0_arm64.whl", hash = "sha256:54f3b2177fb892d47f8016f1087d21654b44f7fc4cf6571c1c6b3ea531ab0fcf"},
    {file = "librt-0.6.3-cp310-cp310-manylinux1_i686.manylinux_2_28_i686.manylinux_2_5_i686.whl", hash = "sha256:c5b31bed2c2f2fa1fcb4815b75f931121ae210dc89a3d607fb1725f5907f1437"},
    {file = "librt-0.6.3-cp310-cp310-manylinux2014_aarch64.manylinux_2_17_aarch64.manylinux_2_28_aarch64.whl", hash = "sha256:8f8ed5053ef9fb08d34f1fd80ff093ccbd1f67f147633a84cf4a7d9b09c0f089"},
    {file = "librt-0.6.3-cp310-cp310-manylinux2014_x86_64.manylinux_2_17_x86_64.manylinux_2_28_x86_64.whl", hash = "sha256:3f0e4bd9bcb0ee34fa3dbedb05570da50b285f49e52c07a241da967840432513"},
    {file = "librt-0.6.3-cp310-cp310-musllinux_1_2_aarch64.whl", hash = "sha256:d8f89c8d20dfa648a3f0a56861946eb00e5b00d6b00eea14bc5532b2fcfa8ef1"},
    {file = "librt-0.6.3-cp310-cp310-musllinux_1_2_i686.whl", hash = "sha256:ecc2c526547eacd20cb9fbba19a5268611dbc70c346499656d6cf30fae328977"},
    {file = "librt-0.6.3-cp310-cp310-musllinux_1_2_x86_64.whl", hash = "sha256:fbedeb9b48614d662822ee514567d2d49a8012037fc7b4cd63f282642c2f4b7d"},
    {file = "librt-0.6.3-cp310-cp310-win32.whl", hash = "sha256:0765b0fe0927d189ee14b087cd595ae636bef04992e03fe6dfdaa383866c8a46"},
    {file = "librt-0.6.3-cp310-cp310-win_amd64.whl", hash = "sha256:8c659f9fb8a2f16dc4131b803fa0144c1dadcb3ab24bb7914d01a6da58ae2457"},
    {file = "librt-0.6.3-cp311-cp311-macosx_10_9_x86_64.whl", hash = "sha256:61348cc488b18d1b1ff9f3e5fcd5ac43ed22d3e13e862489d2267c2337285c08"},
    {file = "librt-0.6.3-cp311-cp311-macosx_11_0_arm64.whl", hash = "sha256:64645b757d617ad5f98c08e07620bc488d4bced9ced91c6279cec418f16056fa"},
    {file = "librt-0.6.3-cp311-cp311-manylinux1_i686.manylinux_2_28_i686.manylinux_2_5_i686.whl", hash = "sha256:26b8026393920320bb9a811b691d73c5981385d537ffc5b6e22e53f7b65d4122"},
    {file = "librt-0.6.3-cp311-cp311-manylinux2014_aarch64.manylinux_2_17_aarch64.manylinux_2_28_aarch64.whl", hash = "sha256:d998b432ed9ffccc49b820e913c8f327a82026349e9c34fa3690116f6b70770f"},
    {file = "librt-0.6.3-cp311-cp311-manylinux2014_x86_64.manylinux_2_17_x86_64.manylinux_2_28_x86_64.whl", hash = "sha256:e18875e17ef69ba7dfa9623f2f95f3eda6f70b536079ee6d5763ecdfe6cc9040"},
    {file = "librt-0.6.3-cp311-cp311-musllinux_1_2_aarch64.whl", hash = "sha256:a218f85081fc3f70cddaed694323a1ad7db5ca028c379c214e3a7c11c0850523"},
    {file = "librt-0.6.3-cp311-cp311-musllinux_1_2_i686.whl", hash = "sha256:1ef42ff4edd369e84433ce9b188a64df0837f4f69e3d34d3b34d4955c599d03f"},
    {file = "librt-0.6.3-cp311-cp311-musllinux_1_2_x86_64.whl", hash = "sha256:0e0f2b79993fec23a685b3e8107ba5f8675eeae286675a216da0b09574fa1e47"},
    {file = "librt-0.6.3-cp311-cp311-win32.whl", hash = "sha256:fd98cacf4e0fabcd4005c452cb8a31750258a85cab9a59fb3559e8078da408d7"},
    {file = "librt-0.6.3-cp311-cp311-win_amd64.whl", hash = "sha256:e17b5b42c8045867ca9d1f54af00cc2275198d38de18545edaa7833d7e9e4ac8"},
    {file = "librt-0.6.3-cp311-cp311-win_arm64.whl", hash = "sha256:87597e3d57ec0120a3e1d857a708f80c02c42ea6b00227c728efbc860f067c45"},
    {file = "librt-0.6.3-cp312-cp312-macosx_10_13_x86_64.whl", hash = "sha256:74418f718083009108dc9a42c21bf2e4802d49638a1249e13677585fcc9ca176"},
    {file = "librt-0.6.3-cp312-cp312-macosx_11_0_arm64.whl", hash = "sha256:514f3f363d1ebc423357d36222c37e5c8e6674b6eae8d7195ac9a64903722057"},
    {file = "librt-0.6.3-cp312-cp312-manylinux1_i686.manylinux_2_28_i686.manylinux_2_5_i686.whl", hash = "sha256:cf1115207a5049d1f4b7b4b72de0e52f228d6c696803d94843907111cbf80610"},
    {file = "librt-0.6.3-cp312-cp312-manylinux2014_aarch64.manylinux_2_17_aarch64.manylinux_2_28_aarch64.whl", hash = "sha256:ad8ba80cdcea04bea7b78fcd4925bfbf408961e9d8397d2ee5d3ec121e20c08c"},
    {file = "librt-0.6.3-cp312-cp312-manylinux2014_x86_64.manylinux_2_17_x86_64.manylinux_2_28_x86_64.whl", hash = "sha256:4018904c83eab49c814e2494b4e22501a93cdb6c9f9425533fe693c3117126f9"},
    {file = "librt-0.6.3-cp312-cp312-musllinux_1_2_aarch64.whl", hash = "sha256:8983c5c06ac9c990eac5eb97a9f03fe41dc7e9d7993df74d9e8682a1056f596c"},
    {file = "librt-0.6.3-cp312-cp312-musllinux_1_2_i686.whl", hash = "sha256:d7769c579663a6f8dbf34878969ac71befa42067ce6bf78e6370bf0d1194997c"},
    {file = "librt-0.6.3-cp312-cp312-musllinux_1_2_x86_64.whl", hash = "sha256:d3c9a07eafdc70556f8c220da4a538e715668c0c63cabcc436a026e4e89950bf"},
    {file = "librt-0.6.3-cp312-cp312-win32.whl", hash = "sha256:38320386a48a15033da295df276aea93a92dfa94a862e06893f75ea1d8bbe89d"},
    {file = "librt-0.6.3-cp312-cp312-win_amd64.whl", hash = "sha256:c0ecf4786ad0404b072196b5df774b1bb23c8aacdcacb6c10b4128bc7b00bd01"},
    {file = "librt-0.6.3-cp312-cp312-win_arm64.whl", hash = "sha256:9f2a6623057989ebc469cd9cc8fe436c40117a0147627568d03f84aef7854c55"},
    {file = "librt-0.6.3-cp313-cp313-macosx_10_13_x86_64.whl", hash = "sha256:9e716f9012148a81f02f46a04fc4c663420c6fbfeacfac0b5e128cf43b4413d3"},
    {file = "librt-0.6.3-cp313-cp313-macosx_11_0_arm64.whl", hash = "sha256:669ff2495728009a96339c5ad2612569c6d8be4474e68f3f3ac85d7c3261f5f5"},
    {file = "librt-0.6.3-cp313-cp313-manylinux1_i686.manylinux_2_28_i686.manylinux_2_5_i686.whl", hash = "sha256:349b6873ebccfc24c9efd244e49da9f8a5c10f60f07575e248921aae2123fc42"},
    {file = "librt-0.6.3-cp313-cp313-manylinux2014_aarch64.manylinux_2_17_aarch64.manylinux_2_28_aarch64.whl", hash = "sha256:0c74c26736008481c9f6d0adf1aedb5a52aff7361fea98276d1f965c0256ee70"},
    {file = "librt-0.6.3-cp313-cp313-manylinux2014_x86_64.manylinux_2_17_x86_64.manylinux_2_28_x86_64.whl", hash = "sha256:408a36ddc75e91918cb15b03460bdc8a015885025d67e68c6f78f08c3a88f522"},
    {file = "librt-0.6.3-cp313-cp313-musllinux_1_2_aarch64.whl", hash = "sha256:e61ab234624c9ffca0248a707feffe6fac2343758a36725d8eb8a6efef0f8c30"},
    {file = "librt-0.6.3-cp313-cp313-musllinux_1_2_i686.whl", hash = "sha256:324462fe7e3896d592b967196512491ec60ca6e49c446fe59f40743d08c97917"},
    {file = "librt-0.6.3-cp313-cp313-musllinux_1_2_x86_64.whl", hash = "sha256:36b2ec8c15030002c7f688b4863e7be42820d7c62d9c6eece3db54a2400f0530"},
    {file = "librt-0.6.3-cp313-cp313-win32.whl", hash = "sha256:25b1b60cb059471c0c0c803e07d0dfdc79e41a0a122f288b819219ed162672a3"},
    {file = "librt-0.6.3-cp313-cp313-win_amd64.whl", hash = "sha256:10a95ad074e2a98c9e4abc7f5b7d40e5ecbfa84c04c6ab8a70fabf59bd429b88"},
    {file = "librt-0.6.3-cp313-cp313-win_arm64.whl", hash = "sha256:17000df14f552e86877d67e4ab7966912224efc9368e998c96a6974a8d609bf9"},
    {file = "librt-0.6.3-cp314-cp314-macosx_10_13_x86_64.whl", hash = "sha256:8e695f25d1a425ad7a272902af8ab8c8d66c1998b177e4b5f5e7b4e215d0c88a"},
    {file = "librt-0.6.3-cp314-cp314-macosx_11_0_arm64.whl", hash = "sha256:3e84a4121a7ae360ca4da436548a9c1ca8ca134a5ced76c893cc5944426164bd"},
    {file = "librt-0.6.3-cp314-cp314-manylinux1_i686.manylinux_2_28_i686.manylinux_2_5_i686.whl", hash = "sha256:05f385a414de3f950886ea0aad8f109650d4b712cf9cc14cc17f5f62a9ab240b"},
    {file = "librt-0.6.3-cp314-cp314-manylinux2014_aarch64.manylinux_2_17_aarch64.manylinux_2_28_aarch64.whl", hash = "sha256:36a8e337461150b05ca2c7bdedb9e591dfc262c5230422cea398e89d0c746cdc"},
    {file = "librt-0.6.3-cp314-cp314-manylinux2014_x86_64.manylinux_2_17_x86_64.manylinux_2_28_x86_64.whl", hash = "sha256:dcbe48f6a03979384f27086484dc2a14959be1613cb173458bd58f714f2c48f3"},
    {file = "librt-0.6.3-cp314-cp314-musllinux_1_2_aarch64.whl", hash = "sha256:4bca9e4c260233fba37b15c4ec2f78aa99c1a79fbf902d19dd4a763c5c3fb751"},
    {file = "librt-0.6.3-cp314-cp314-musllinux_1_2_i686.whl", hash = "sha256:760c25ed6ac968e24803eb5f7deb17ce026902d39865e83036bacbf5cf242aa8"},
    {file = "librt-0.6.3-cp314-cp314-musllinux_1_2_x86_64.whl", hash = "sha256:4aa4a93a353ccff20df6e34fa855ae8fd788832c88f40a9070e3ddd3356a9f0e"},
    {file = "librt-0.6.3-cp314-cp314-win32.whl", hash = "sha256:cb92741c2b4ea63c09609b064b26f7f5d9032b61ae222558c55832ec3ad0bcaf"},
    {file = "librt-0.6.3-cp314-cp314-win_amd64.whl", hash = "sha256:fdcd095b1b812d756fa5452aca93b962cf620694c0cadb192cec2bb77dcca9a2"},
    {file = "librt-0.6.3-cp314-cp314-win_arm64.whl", hash = "sha256:822ca79e28720a76a935c228d37da6579edef048a17cd98d406a2484d10eda78"},
    {file = "librt-0.6.3-cp314-cp314t-macosx_10_13_x86_64.whl", hash = "sha256:078cd77064d1640cb7b0650871a772956066174d92c8aeda188a489b58495179"},
    {file = "librt-0.6.3-cp314-cp314t-macosx_11_0_arm64.whl", hash = "sha256:5cc22f7f5c0cc50ed69f4b15b9c51d602aabc4500b433aaa2ddd29e578f452f7"},
    {file = "librt-0.6.3-cp314-cp314t-manylinux1_i686.manylinux_2_28_i686.manylinux_2_5_i686.whl", hash = "sha256:14b345eb7afb61b9fdcdfda6738946bd11b8e0f6be258666b0646af3b9bb5916"},
    {file = "librt-0.6.3-cp314-cp314t-manylinux2014_aarch64.manylinux_2_17_aarch64.manylinux_2_28_aarch64.whl", hash = "sha256:6d46aa46aa29b067f0b8b84f448fd9719aaf5f4c621cc279164d76a9dc9ab3e8"},
    {file = "librt-0.6.3-cp314-cp314t-manylinux2014_x86_64.manylinux_2_17_x86_64.manylinux_2_28_x86_64.whl", hash = "sha256:1b51ba7d9d5d9001494769eca8c0988adce25d0a970c3ba3f2eb9df9d08036fc"},
    {file = "librt-0.6.3-cp314-cp314t-musllinux_1_2_aarch64.whl", hash = "sha256:ced0925a18fddcff289ef54386b2fc230c5af3c83b11558571124bfc485b8c07"},
    {file = "librt-0.6.3-cp314-cp314t-musllinux_1_2_i686.whl", hash = "sha256:6bac97e51f66da2ca012adddbe9fd656b17f7368d439de30898f24b39512f40f"},
    {file = "librt-0.6.3-cp314-cp314t-musllinux_1_2_x86_64.whl", hash = "sha256:b2922a0e8fa97395553c304edc3bd36168d8eeec26b92478e292e5d4445c1ef0"},
    {file = "librt-0.6.3-cp314-cp314t-win32.whl", hash = "sha256:f33462b19503ba68d80dac8a1354402675849259fb3ebf53b67de86421735a3a"},
    {file = "librt-0.6.3-cp314-cp314t-win_amd64.whl", hash = "sha256:04f8ce401d4f6380cfc42af0f4e67342bf34c820dae01343f58f472dbac75dcf"},
    {file = "librt-0.6.3-cp314-cp314t-win_arm64.whl", hash = "sha256:afb39550205cc5e5c935762c6bf6a2bb34f7d21a68eadb25e2db7bf3593fecc0"},
    {file = "librt-0.6.3-cp39-cp39-macosx_10_9_x86_64.whl", hash = "sha256:09262cb2445b6f15d09141af20b95bb7030c6f13b00e876ad8fdd1a9045d6aa5"},
    {file = "librt-0.6.3-cp39-cp39-macosx_11_0_arm64.whl", hash = "sha256:57705e8eec76c5b77130d729c0f70190a9773366c555c5457c51eace80afd873"},
    {file = "librt-0.6.3-cp39-cp39-manylinux1_i686.manylinux_2_28_i686.manylinux_2_5_i686.whl", hash = "sha256:3ac2a7835434b31def8ed5355dd9b895bbf41642d61967522646d1d8b9681106"},
    {file = "librt-0.6.3-cp39-cp39-manylinux2014_aarch64.manylinux_2_17_aarch64.manylinux_2_28_aarch64.whl", hash = "sha256:71f0a5918aebbea1e7db2179a8fe87e8a8732340d9e8b8107401fb407eda446e"},
    {file = "librt-0.6.3-cp39-cp39-manylinux2014_x86_64.manylinux_2_17_x86_64.manylinux_2_28_x86_64.whl", hash = "sha256:aa346e202e6e1ebc01fe1c69509cffe486425884b96cb9ce155c99da1ecbe0e9"},
    {file = "librt-0.6.3-cp39-cp39-musllinux_1_2_aarch64.whl", hash = "sha256:92267f865c7bbd12327a0d394666948b9bf4b51308b52947c0cc453bfa812f5d"},
    {file = "librt-0.6.3-cp39-cp39-musllinux_1_2_i686.whl", hash = "sha256:86605d5bac340beb030cbc35859325982a79047ebdfba1e553719c7126a2389d"},
    {file = "librt-0.6.3-cp39-cp39-musllinux_1_2_x86_64.whl", hash = "sha256:98e4bbecbef8d2a60ecf731d735602feee5ac0b32117dbbc765e28b054bac912"},
    {file = "librt-0.6.3-cp39-cp39-win32.whl", hash = "sha256:3caa0634c02d5ff0b2ae4a28052e0d8c5f20d497623dc13f629bd4a9e2a6efad"},
    {file = "librt-0.6.3-cp39-cp39-win_amd64.whl", hash = "sha256:b47395091e7e0ece1e6ebac9b98bf0c9084d1e3d3b2739aa566be7e56e3f7bf2"},
    {file = "librt-0.6.3.tar.gz", hash = "sha256:c724a884e642aa2bbad52bb0203ea40406ad742368a5f90da1b220e970384aae"},
]

[[package]]
name = "mypy"
version = "1.19.0"
description = "Optional static typing for Python"
optional = false
python-versions = ">=3.9"
groups = ["dev"]
files = [
    {file = "mypy-1.19.0-cp310-cp310-macosx_10_9_x86_64.whl", hash = "sha256:6148ede033982a8c5ca1143de34c71836a09f105068aaa8b7d5edab2b053e6c8"},
    {file = "mypy-1.19.0-cp310-cp310-macosx_11_0_arm64.whl", hash = "sha256:a9ac09e52bb0f7fb912f5d2a783345c72441a08ef56ce3e17c1752af36340a39"},
    {file = "mypy-1.19.0-cp310-cp310-manylinux2014_aarch64.manylinux_2_17_aarch64.manylinux_2_28_aarch64.whl", hash = "sha256:11f7254c15ab3f8ed68f8e8f5cbe88757848df793e31c36aaa4d4f9783fd08ab"},
    {file = "mypy-1.19.0-cp310-cp310-manylinux2014_x86_64.manylinux_2_17_x86_64.manylinux_2_28_x86_64.whl", hash = "sha256:318ba74f75899b0e78b847d8c50821e4c9637c79d9a59680fc1259f29338cb3e"},
    {file = "mypy-1.19.0-cp310-cp310-musllinux_1_2_x86_64.whl", hash = "sha256:cf7d84f497f78b682edd407f14a7b6e1a2212b433eedb054e2081380b7395aa3"},
    {file = "mypy-1.19.0-cp310-cp310-win_amd64.whl", hash = "sha256:c3385246593ac2b97f155a0e9639be906e73534630f663747c71908dfbf26134"},
    {file = "mypy-1.19.0-cp311-cp311-macosx_10_9_x86_64.whl", hash = "sha256:a31e4c28e8ddb042c84c5e977e28a21195d086aaffaf08b016b78e19c9ef8106"},
    {file = "mypy-1.19.0-cp311-cp311-macosx_11_0_arm64.whl", hash = "sha256:34ec1ac66d31644f194b7c163d7f8b8434f1b49719d403a5d26c87fff7e913f7"},
    {file = "mypy-1.19.0-cp311-cp311-manylinux2014_aarch64.manylinux_2_17_aarch64.manylinux_2_28_aarch64.whl", hash = "sha256:cb64b0ba5980466a0f3f9990d1c582bcab8db12e29815ecb57f1408d99b4bff7"},
    {file = "mypy-1.19.0-cp311-cp311-manylinux2014_x86_64.manylinux_2_17_x86_64.manylinux_2_28_x86_64.whl", hash = "sha256:120cffe120cca5c23c03c77f84abc0c14c5d2e03736f6c312480020082f1994b"},
    {file = "mypy-1.19.0-cp311-cp311-musllinux_1_2_x86_64.whl", hash = "sha256:7a500ab5c444268a70565e374fc803972bfd1f09545b13418a5174e29883dab7"},
    {file = "mypy-1.19.0-cp311-cp311-win_amd64.whl", hash = "sha256:c14a98bc63fd867530e8ec82f217dae29d0550c86e70debc9667fff1ec83284e"},
    {file = "mypy-1.19.0-cp312-cp312-macosx_10_13_x86_64.whl", hash = "sha256:0fb3115cb8fa7c5f887c8a8d81ccdcb94cff334684980d847e5a62e926910e1d"},
    {file = "mypy-1.19.0-cp312-cp312-macosx_11_0_arm64.whl", hash = "sha256:f3e19e3b897562276bb331074d64c076dbdd3e79213f36eed4e592272dabd760"},
    {file = "mypy-1.19.0-cp312-cp312-manylinux2014_aarch64.manylinux_2_17_aarch64.manylinux_2_28_aarch64.whl", hash = "sha256:b9d491295825182fba01b6ffe2c6fe4e5a49dbf4e2bb4d1217b6ced3b4797bc6"},
    {file = "mypy-1.19.0-cp312-cp312-manylinux2014_x86_64.manylinux_2_17_x86_64.manylinux_2_28_x86_64.whl", hash = "sha256:6016c52ab209919b46169651b362068f632efcd5eb8ef9d1735f6f86da7853b2"},
    {file = "mypy-1.19.0-cp312-cp312-musllinux_1_2_x86_64.whl", hash = "sha256:f188dcf16483b3e59f9278c4ed939ec0254aa8a60e8fc100648d9ab5ee95a431"},
    {file = "mypy-1.19.0-cp312-cp312-win_amd64.whl", hash = "sha256:0e3c3d1e1d62e678c339e7ade72746a9e0325de42cd2cccc51616c7b2ed1a018"},
    {file = "mypy-1.19.0-cp313-cp313-macosx_10_13_x86_64.whl", hash = "sha256:7686ed65dbabd24d20066f3115018d2dce030d8fa9db01aa9f0a59b6813e9f9e"},
    {file = "mypy-1.19.0-cp313-cp313-macosx_11_0_arm64.whl", hash = "sha256:fd4a985b2e32f23bead72e2fb4bbe5d6aceee176be471243bd831d5b2644672d"},
    {file = "mypy-1.19.0-cp313-cp313-manylinux2014_aarch64.manylinux_2_17_aarch64.manylinux_2_28_aarch64.whl", hash = "sha256:fc51a5b864f73a3a182584b1ac75c404396a17eced54341629d8bdcb644a5bba"},
    {file = "mypy-1.19.0-cp313-cp313-manylinux2014_x86_64.manylinux_2_17_x86_64.manylinux_2_28_x86_64.whl", hash = "sha256:37af5166f9475872034b56c5efdcf65ee25394e9e1d172907b84577120714364"},
    {file = "mypy-1.19.0-cp313-cp313-musllinux_1_2_x86_64.whl", hash = "sha256:510c014b722308c9bd377993bcbf9a07d7e0692e5fa8fc70e639c1eb19fc6bee"},
    {file = "mypy-1.19.0-cp313-cp313-win_amd64.whl", hash = "sha256:cabbee74f29aa9cd3b444ec2f1e4fa5a9d0d746ce7567a6a609e224429781f53"},
    {file = "mypy-1.19.0-cp314-cp314-macosx_10_15_x86_64.whl", hash = "sha256:f2e36bed3c6d9b5f35d28b63ca4b727cb0228e480826ffc8953d1892ddc8999d"},
    {file = "mypy-1.19.0-cp314-cp314-macosx_11_0_arm64.whl", hash = "sha256:a18d8abdda14035c5718acb748faec09571432811af129bf0d9e7b2d6699bf18"},
    {file = "mypy-1.19.0-cp314-cp314-manylinux2014_aarch64.manylinux_2_17_aarch64.manylinux_2_28_aarch64.whl", hash = "sha256:f75e60aca3723a23511948539b0d7ed514dda194bc3755eae0bfc7a6b4887aa7"},
    {file = "mypy-1.19.0-cp314-cp314-manylinux2014_x86_64.manylinux_2_17_x86_64.manylinux_2_28_x86_64.whl", hash = "sha256:8f44f2ae3c58421ee05fe609160343c25f70e3967f6e32792b5a78006a9d850f"},
    {file = "mypy-1.19.0-cp314-cp314-musllinux_1_2_x86_64.whl", hash = "sha256:63ea6a00e4bd6822adbfc75b02ab3653a17c02c4347f5bb0cf1d5b9df3a05835"},
    {file = "mypy-1.19.0-cp314-cp314-win_amd64.whl", hash = "sha256:3ad925b14a0bb99821ff6f734553294aa6a3440a8cb082fe1f5b84dfb662afb1"},
    {file = "mypy-1.19.0-cp39-cp39-macosx_10_9_x86_64.whl", hash = "sha256:0dde5cb375cb94deff0d4b548b993bec52859d1651e073d63a1386d392a95495"},
    {file = "mypy-1.19.0-cp39-cp39-macosx_11_0_arm64.whl", hash = "sha256:1cf9c59398db1c68a134b0b5354a09a1e124523f00bacd68e553b8bd16ff3299"},
    {file = "mypy-1.19.0-cp39-cp39-manylinux2014_aarch64.manylinux_2_17_aarch64.manylinux_2_28_aarch64.whl", hash = "sha256:3210d87b30e6af9c8faed61be2642fcbe60ef77cec64fa1ef810a630a4cf671c"},
    {file = "mypy-1.19.0-cp39-cp39-manylinux2014_x86_64.manylinux_2_17_x86_64.manylinux_2_28_x86_64.whl", hash = "sha256:e2c1101ab41d01303103ab6ef82cbbfedb81c1a060c868fa7cc013d573d37ab5"},
    {file = "mypy-1.19.0-cp39-cp39-musllinux_1_2_x86_64.whl", hash = "sha256:0ea4fd21bb48f0da49e6d3b37ef6bd7e8228b9fe41bbf4d80d9364d11adbd43c"},
    {file = "mypy-1.19.0-cp39-cp39-win_amd64.whl", hash = "sha256:16f76ff3f3fd8137aadf593cb4607d82634fca675e8211ad75c43d86033ee6c6"},
    {file = "mypy-1.19.0-py3-none-any.whl", hash = "sha256:0c01c99d626380752e527d5ce8e69ffbba2046eb8a060db0329690849cf9b6f9"},
    {file = "mypy-1.19.0.tar.gz", hash = "sha256:f6b874ca77f733222641e5c46e4711648c4037ea13646fd0cdc814c2eaec2528"},
]

[package.dependencies]
librt = ">=0.6.2"
mypy_extensions = ">=1.0.0"
pathspec = ">=0.9.0"
typing_extensions = ">=4.6.0"

[package.extras]
dmypy = ["psutil (>=4.0)"]
faster-cache = ["orjson"]
install-types = ["pip"]
mypyc = ["setuptools (>=50)"]
reports = ["lxml"]

[[package]]
name = "mypy-extensions"
version = "1.0.0"
description = "Type system extensions for programs checked with the mypy type checker."
optional = false
python-versions = ">=3.5"
groups = ["dev"]
files = [
    {file = "mypy_extensions-1.0.0-py3-none-any.whl", hash = "sha256:4392f6c0eb8a5668a69e23d168ffa70f0be9ccfd32b5cc2d26a34ae5b844552d"},
    {file = "mypy_extensions-1.0.0.tar.gz", hash = "sha256:75dbf8955dc00442a438fc4d0666508a9a97b6bd41aa2f0ffe9d2f2725af0782"},
]

[[package]]
name = "packaging"
version = "23.2"
description = "Core utilities for Python packages"
optional = false
python-versions = ">=3.7"
groups = ["dev"]
files = [
    {file = "packaging-23.2-py3-none-any.whl", hash = "sha256:8c491190033a9af7e1d931d0b5dacc2ef47509b34dd0de67ed209b5203fc88c7"},
    {file = "packaging-23.2.tar.gz", hash = "sha256:048fb0e9405036518eaaf48a55953c750c11e1a1b68e0dd1a9d62ed0c092cfc5"},
]

[[package]]
name = "pathspec"
version = "0.12.1"
description = "Utility library for gitignore style pattern matching of file paths."
optional = false
python-versions = ">=3.8"
groups = ["dev"]
files = [
    {file = "pathspec-0.12.1-py3-none-any.whl", hash = "sha256:a0d503e138a4c123b27490a4f7beda6a01c6f288df0e4a8b79c7eb0dc7b4cc08"},
    {file = "pathspec-0.12.1.tar.gz", hash = "sha256:a482d51503a1ab33b1c67a6c3813a26953dbdc71c31dacaef9a838c4e29f5712"},
]

[[package]]
name = "pexpect"
version = "4.9.0"
description = "Pexpect allows easy control of interactive console applications."
optional = false
python-versions = "*"
groups = ["main"]
files = [
    {file = "pexpect-4.9.0-py2.py3-none-any.whl", hash = "sha256:7236d1e080e4936be2dc3e326cec0af72acf9212a7e1d060210e70a47e253523"},
    {file = "pexpect-4.9.0.tar.gz", hash = "sha256:ee7d41123f3c9911050ea2c2dac107568dc43b2d3b0c7557a33212c398ead30f"},
]

[package.dependencies]
ptyprocess = ">=0.5"

[[package]]
name = "pluggy"
version = "1.5.0"
description = "plugin and hook calling mechanisms for python"
optional = false
python-versions = ">=3.8"
groups = ["dev"]
files = [
    {file = "pluggy-1.5.0-py3-none-any.whl", hash = "sha256:44e1ad92c8ca002de6377e165f3e0f1be63266ab4d554740532335b9d75ea669"},
    {file = "pluggy-1.5.0.tar.gz", hash = "sha256:2cffa88e94fdc978c4c574f15f9e59b7f4201d439195c3715ca9e2486f1d0cf1"},
]

[package.extras]
dev = ["pre-commit", "tox"]
testing = ["pytest", "pytest-benchmark"]

[[package]]
name = "ptyprocess"
version = "0.7.0"
description = "Run a subprocess in a pseudo terminal"
optional = false
python-versions = "*"
groups = ["main"]
files = [
    {file = "ptyprocess-0.7.0-py2.py3-none-any.whl", hash = "sha256:4b41f3967fce3af57cc7e94b888626c18bf37a083e3651ca8feeb66d492fef35"},
    {file = "ptyprocess-0.7.0.tar.gz", hash = "sha256:5c5d0a3b48ceee0b48485e0c26037c0acd7d29765ca3fbb5cb3831d347423220"},
]

[[package]]
name = "pygments"
version = "2.16.1"
description = "Pygments is a syntax highlighting package written in Python."
optional = false
python-versions = ">=3.7"
groups = ["dev"]
files = [
    {file = "Pygments-2.16.1-py3-none-any.whl", hash = "sha256:13fc09fa63bc8d8671a6d247e1eb303c4b343eaee81d861f3404db2935653692"},
    {file = "Pygments-2.16.1.tar.gz", hash = "sha256:1daff0494820c69bc8941e407aa20f577374ee88364ee10a98fdbe0aece96e29"},
]

[package.extras]
plugins = ["importlib-metadata ; python_version < \"3.8\""]

[[package]]
name = "pygobject-stubs"
version = "2.14.0"
description = "Typing stubs for PyGObject"
optional = false
python-versions = ">=3.9"
groups = ["dev"]
files = [
    {file = "pygobject_stubs-2.14.0.tar.gz", hash = "sha256:614d4908a9ed6e9b821498059ab2e86736346c2fd75c0286ccb018cfcfd8ab23"},
]

[package.extras]
dev = ["PyGObject", "codespell (>=2.4.1)", "isort (>=6.0.1)", "pre-commit", "ruff (>=0.12.7)"]

[[package]]
name = "pytest"
version = "9.0.1"
description = "pytest: simple powerful testing with Python"
optional = false
python-versions = ">=3.10"
groups = ["dev"]
files = [
    {file = "pytest-9.0.1-py3-none-any.whl", hash = "sha256:67be0030d194df2dfa7b556f2e56fb3c3315bd5c8822c6951162b92b32ce7dad"},
    {file = "pytest-9.0.1.tar.gz", hash = "sha256:3e9c069ea73583e255c3b21cf46b8d3c56f6e3a1a8f6da94ccb0fcf57b9d73c8"},
]

[package.dependencies]
colorama = {version = ">=0.4", markers = "sys_platform == \"win32\""}
iniconfig = ">=1.0.1"
packaging = ">=22"
pluggy = ">=1.5,<2"
pygments = ">=2.7.2"

[package.extras]
dev = ["argcomplete", "attrs (>=19.2)", "hypothesis (>=3.56)", "mock", "requests", "setuptools", "xmlschema"]

[[package]]
name = "pytest-cov"
version = "7.0.0"
description = "Pytest plugin for measuring coverage."
optional = false
python-versions = ">=3.9"
groups = ["dev"]
files = [
    {file = "pytest_cov-7.0.0-py3-none-any.whl", hash = "sha256:3b8e9558b16cc1479da72058bdecf8073661c7f57f7d3c5f22a1c23507f2d861"},
    {file = "pytest_cov-7.0.0.tar.gz", hash = "sha256:33c97eda2e049a0c5298e91f519302a1334c26ac65c1a483d6206fd458361af1"},
]

[package.dependencies]
coverage = {version = ">=7.10.6", extras = ["toml"]}
pluggy = ">=1.2"
pytest = ">=7"

[package.extras]
testing = ["process-tests", "pytest-xdist", "virtualenv"]

[[package]]
name = "pytest-mock"
version = "3.15.1"
description = "Thin-wrapper around the mock package for easier use with pytest"
optional = false
python-versions = ">=3.9"
groups = ["dev"]
files = [
    {file = "pytest_mock-3.15.1-py3-none-any.whl", hash = "sha256:0a25e2eb88fe5168d535041d09a4529a188176ae608a6d249ee65abc0949630d"},
    {file = "pytest_mock-3.15.1.tar.gz", hash = "sha256:1849a238f6f396da19762269de72cb1814ab44416fa73a8686deac10b0d87a0f"},
]

[package.dependencies]
pytest = ">=6.2.5"

[package.extras]
dev = ["pre-commit", "pytest-asyncio", "tox"]

[[package]]
name = "types-pexpect"
version = "4.9.0.20250916"
description = "Typing stubs for pexpect"
optional = false
python-versions = ">=3.9"
groups = ["dev"]
files = [
    {file = "types_pexpect-4.9.0.20250916-py3-none-any.whl", hash = "sha256:7fa43cb96042ac58bc74f7c28e5d85782be0ee01344149886849e9d90936fe8a"},
    {file = "types_pexpect-4.9.0.20250916.tar.gz", hash = "sha256:69e5fed6199687a730a572de780a5749248a4c5df2ff1521e194563475c9928d"},
]

[[package]]
name = "types-setuptools"
version = "80.9.0.20250822"
description = "Typing stubs for setuptools"
optional = false
python-versions = ">=3.9"
groups = ["dev"]
files = [
    {file = "types_setuptools-80.9.0.20250822-py3-none-any.whl", hash = "sha256:53bf881cb9d7e46ed12c76ef76c0aaf28cfe6211d3fab12e0b83620b1a8642c3"},
    {file = "types_setuptools-80.9.0.20250822.tar.gz", hash = "sha256:070ea7716968ec67a84c7f7768d9952ff24d28b65b6594797a464f1b3066f965"},
]

[[package]]
name = "typing-extensions"
version = "4.8.0"
description = "Backported and Experimental Type Hints for Python 3.8+"
optional = false
python-versions = ">=3.8"
groups = ["dev"]
files = [
    {file = "typing_extensions-4.8.0-py3-none-any.whl", hash = "sha256:8f92fc8806f9a6b641eaa5318da32b44d401efaac0f6678c9bc448ba3605faa0"},
    {file = "typing_extensions-4.8.0.tar.gz", hash = "sha256:df8e4339e9cb77357558cbdbceca33c303714cf861d1eef15e1070055ae8b7ef"},
]

[metadata]
lock-version = "2.1"
python-versions = ">=3.11"
content-hash = "b55afd3a6346ab2358cb65f3fae1babec4f3687b0ba33bbb97b66740c0fd9696"
