# This file is automatically @generated by Poetry 2.2.1 and should not be changed by hand.

[[package]]
name = "colorama"
version = "0.4.6"
description = "Cross-platform colored terminal text."
optional = false
python-versions = "!=3.0.*,!=3.1.*,!=3.2.*,!=3.3.*,!=3.4.*,!=3.5.*,!=3.6.*,>=2.7"
groups = ["dev"]
markers = "sys_platform == \"win32\""
files = [
    {file = "colorama-0.4.6-py2.py3-none-any.whl", hash = "sha256:4f1d9991f5acc0ca119f9d443620b77f9d6b33703e51011c16baf57afb285fc6"},
    {file = "colorama-0.4.6.tar.gz", hash = "sha256:08695f5cb7ed6e0531a20572697297273c47b8cae5a63ffc6d6ed5c201be6e44"},
]

[[package]]
name = "coverage"
version = "7.13.0"
description = "Code coverage measurement for Python"
optional = false
python-versions = ">=3.10"
groups = ["dev"]
files = [
    {file = "coverage-7.13.0-cp310-cp310-macosx_10_9_x86_64.whl", hash = "sha256:02d9fb9eccd48f6843c98a37bd6817462f130b86da8660461e8f5e54d4c06070"},
    {file = "coverage-7.13.0-cp310-cp310-macosx_11_0_arm64.whl", hash = "sha256:367449cf07d33dc216c083f2036bb7d976c6e4903ab31be400ad74ad9f85ce98"},
    {file = "coverage-7.13.0-cp310-cp310-manylinux1_i686.manylinux_2_28_i686.manylinux_2_5_i686.whl", hash = "sha256:cdb3c9f8fef0a954c632f64328a3935988d33a6604ce4bf67ec3e39670f12ae5"},
    {file = "coverage-7.13.0-cp310-cp310-manylinux1_x86_64.manylinux_2_28_x86_64.manylinux_2_5_x86_64.whl", hash = "sha256:d10fd186aac2316f9bbb46ef91977f9d394ded67050ad6d84d94ed6ea2e8e54e"},
    {file = "coverage-7.13.0-cp310-cp310-manylinux2014_aarch64.manylinux_2_17_aarch64.manylinux_2_28_aarch64.whl", hash = "sha256:7f88ae3e69df2ab62fb0bc5219a597cb890ba5c438190ffa87490b315190bb33"},
    {file = "coverage-7.13.0-cp310-cp310-manylinux_2_31_riscv64.manylinux_2_39_riscv64.whl", hash = "sha256:c4be718e51e86f553bcf515305a158a1cd180d23b72f07ae76d6017c3cc5d791"},
    {file = "coverage-7.13.0-cp310-cp310-musllinux_1_2_aarch64.whl", hash = "sha256:a00d3a393207ae12f7c49bb1c113190883b500f48979abb118d8b72b8c95c032"},
    {file = "coverage-7.13.0-cp310-cp310-musllinux_1_2_i686.whl", hash = "sha256:3a7b1cd820e1b6116f92c6128f1188e7afe421c7e1b35fa9836b11444e53ebd9"},
    {file = "coverage-7.13.0-cp310-cp310-musllinux_1_2_riscv64.whl", hash = "sha256:37eee4e552a65866f15dedd917d5e5f3d59805994260720821e2c1b51ac3248f"},
    {file = "coverage-7.13.0-cp310-cp310-musllinux_1_2_x86_64.whl", hash = "sha256:62d7c4f13102148c78d7353c6052af6d899a7f6df66a32bddcc0c0eb7c5326f8"},
    {file = "coverage-7.13.0-cp310-cp310-win32.whl", hash = "sha256:24e4e56304fdb56f96f80eabf840eab043b3afea9348b88be680ec5986780a0f"},
    {file = "coverage-7.13.0-cp310-cp310-win_amd64.whl", hash = "sha256:74c136e4093627cf04b26a35dab8cbfc9b37c647f0502fc313376e11726ba303"},
    {file = "coverage-7.13.0-cp311-cp311-macosx_10_9_x86_64.whl", hash = "sha256:0dfa3855031070058add1a59fdfda0192fd3e8f97e7c81de0596c145dea51820"},
    {file = "coverage-7.13.0-cp311-cp311-macosx_11_0_arm64.whl", hash = "sha256:4fdb6f54f38e334db97f72fa0c701e66d8479af0bc3f9bfb5b90f1c30f54500f"},
    {file = "coverage-7.13.0-cp311-cp311-manylinux1_i686.manylinux_2_28_i686.manylinux_2_5_i686.whl", hash = "sha256:7e442c013447d1d8d195be62852270b78b6e255b79b8675bad8479641e21fd96"},
    {file = "coverage-7.13.0-cp311-cp311-manylinux1_x86_64.manylinux_2_28_x86_64.manylinux_2_5_x86_64.whl", hash = "sha256:1ed5630d946859de835a85e9a43b721123a8a44ec26e2830b296d478c7fd4259"},
    {file = "coverage-7.13.0-cp311-cp311-manylinux2014_aarch64.manylinux_2_17_aarch64.manylinux_2_28_aarch64.whl", hash = "sha256:7f15a931a668e58087bc39d05d2b4bf4b14ff2875b49c994bbdb1c2217a8daeb"},
    {file = "coverage-7.13.0-cp311-cp311-manylinux_2_31_riscv64.manylinux_2_39_riscv64.whl", hash = "sha256:30a3a201a127ea57f7e14ba43c93c9c4be8b7d17a26e03bb49e6966d019eede9"},
    {file = "coverage-7.13.0-cp311-cp311-musllinux_1_2_aarch64.whl", hash = "sha256:7a485ff48fbd231efa32d58f479befce52dcb6bfb2a88bb7bf9a0b89b1bc8030"},
    {file = "coverage-7.13.0-cp311-cp311-musllinux_1_2_i686.whl", hash = "sha256:22486cdafba4f9e471c816a2a5745337742a617fef68e890d8baf9f3036d7833"},
    {file = "coverage-7.13.0-cp311-cp311-musllinux_1_2_riscv64.whl", hash = "sha256:263c3dbccc78e2e331e59e90115941b5f53e85cfcc6b3b2fbff1fd4e3d2c6ea8"},
    {file = "coverage-7.13.0-cp311-cp311-musllinux_1_2_x86_64.whl", hash = "sha256:e5330fa0cc1f5c3c4c3bb8e101b742025933e7848989370a1d4c8c5e401ea753"},
    {file = "coverage-7.13.0-cp311-cp311-win32.whl", hash = "sha256:0f4872f5d6c54419c94c25dd6ae1d015deeb337d06e448cd890a1e89a8ee7f3b"},
    {file = "coverage-7.13.0-cp311-cp311-win_amd64.whl", hash = "sha256:51a202e0f80f241ccb68e3e26e19ab5b3bf0f813314f2c967642f13ebcf1ddfe"},
    {file = "coverage-7.13.0-cp311-cp311-win_arm64.whl", hash = "sha256:d2a9d7f1c11487b1c69367ab3ac2d81b9b3721f097aa409a3191c3e90f8f3dd7"},
    {file = "coverage-7.13.0-cp312-cp312-macosx_10_13_x86_64.whl", hash = "sha256:0b3d67d31383c4c68e19a88e28fc4c2e29517580f1b0ebec4a069d502ce1e0bf"},
    {file = "coverage-7.13.0-cp312-cp312-macosx_11_0_arm64.whl", hash = "sha256:581f086833d24a22c89ae0fe2142cfaa1c92c930adf637ddf122d55083fb5a0f"},
    {file = "coverage-7.13.0-cp312-cp312-manylinux1_i686.manylinux_2_28_i686.manylinux_2_5_i686.whl", hash = "sha256:0a3a30f0e257df382f5f9534d4ce3d4cf06eafaf5192beb1a7bd066cb10e78fb"},
    {file = "coverage-7.13.0-cp312-cp312-manylinux1_x86_64.manylinux_2_28_x86_64.manylinux_2_5_x86_64.whl", hash = "sha256:583221913fbc8f53b88c42e8dbb8fca1d0f2e597cb190ce45916662b8b9d9621"},
    {file = "coverage-7.13.0-cp312-cp312-manylinux2014_aarch64.manylinux_2_17_aarch64.manylinux_2_28_aarch64.whl", hash = "sha256:5f5d9bd30756fff3e7216491a0d6d520c448d5124d3d8e8f56446d6412499e74"},
    {file = "coverage-7.13.0-cp312-cp312-manylinux_2_31_riscv64.manylinux_2_39_riscv64.whl", hash = "sha256:a23e5a1f8b982d56fa64f8e442e037f6ce29322f1f9e6c2344cd9e9f4407ee57"},
    {file = "coverage-7.13.0-cp312-cp312-musllinux_1_2_aarch64.whl", hash = "sha256:9b01c22bc74a7fb44066aaf765224c0d933ddf1f5047d6cdfe4795504a4493f8"},
    {file = "coverage-7.13.0-cp312-cp312-musllinux_1_2_i686.whl", hash = "sha256:898cce66d0836973f48dda4e3514d863d70142bdf6dfab932b9b6a90ea5b222d"},
    {file = "coverage-7.13.0-cp312-cp312-musllinux_1_2_riscv64.whl", hash = "sha256:3ab483ea0e251b5790c2aac03acde31bff0c736bf8a86829b89382b407cd1c3b"},
    {file = "coverage-7.13.0-cp312-cp312-musllinux_1_2_x86_64.whl", hash = "sha256:1d84e91521c5e4cb6602fe11ece3e1de03b2760e14ae4fcf1a4b56fa3c801fcd"},
    {file = "coverage-7.13.0-cp312-cp312-win32.whl", hash = "sha256:193c3887285eec1dbdb3f2bd7fbc351d570ca9c02ca756c3afbc71b3c98af6ef"},
    {file = "coverage-7.13.0-cp312-cp312-win_amd64.whl", hash = "sha256:4f3e223b2b2db5e0db0c2b97286aba0036ca000f06aca9b12112eaa9af3d92ae"},
    {file = "coverage-7.13.0-cp312-cp312-win_arm64.whl", hash = "sha256:086cede306d96202e15a4b77ace8472e39d9f4e5f9fd92dd4fecdfb2313b2080"},
    {file = "coverage-7.13.0-cp313-cp313-macosx_10_13_x86_64.whl", hash = "sha256:28ee1c96109974af104028a8ef57cec21447d42d0e937c0275329272e370ebcf"},
    {file = "coverage-7.13.0-cp313-cp313-macosx_11_0_arm64.whl", hash = "sha256:d1e97353dcc5587b85986cda4ff3ec98081d7e84dd95e8b2a6d59820f0545f8a"},
    {file = "coverage-7.13.0-cp313-cp313-manylinux1_i686.manylinux_2_28_i686.manylinux_2_5_i686.whl", hash = "sha256:99acd4dfdfeb58e1937629eb1ab6ab0899b131f183ee5f23e0b5da5cba2fec74"},
    {file = "coverage-7.13.0-cp313-cp313-manylinux1_x86_64.manylinux_2_28_x86_64.manylinux_2_5_x86_64.whl", hash = "sha256:ff45e0cd8451e293b63ced93161e189780baf444119391b3e7d25315060368a6"},
    {file = "coverage-7.13.0-cp313-cp313-manylinux2014_aarch64.manylinux_2_17_aarch64.manylinux_2_28_aarch64.whl", hash = "sha256:f4f72a85316d8e13234cafe0a9f81b40418ad7a082792fa4165bd7d45d96066b"},
    {file = "coverage-7.13.0-cp313-cp313-manylinux_2_31_riscv64.manylinux_2_39_riscv64.whl", hash = "sha256:11c21557d0e0a5a38632cbbaca5f008723b26a89d70db6315523df6df77d6232"},
    {file = "coverage-7.13.0-cp313-cp313-musllinux_1_2_aarch64.whl", hash = "sha256:76541dc8d53715fb4f7a3a06b34b0dc6846e3c69bc6204c55653a85dd6220971"},
    {file = "coverage-7.13.0-cp313-cp313-musllinux_1_2_i686.whl", hash = "sha256:6e9e451dee940a86789134b6b0ffbe31c454ade3b849bb8a9d2cca2541a8e91d"},
    {file = "coverage-7.13.0-cp313-cp313-musllinux_1_2_riscv64.whl", hash = "sha256:5c67dace46f361125e6b9cace8fe0b729ed8479f47e70c89b838d319375c8137"},
    {file = "coverage-7.13.0-cp313-cp313-musllinux_1_2_x86_64.whl", hash = "sha256:f59883c643cb19630500f57016f76cfdcd6845ca8c5b5ea1f6e17f74c8e5f511"},
    {file = "coverage-7.13.0-cp313-cp313-win32.whl", hash = "sha256:58632b187be6f0be500f553be41e277712baa278147ecb7559983c6d9faf7ae1"},
    {file = "coverage-7.13.0-cp313-cp313-win_amd64.whl", hash = "sha256:73419b89f812f498aca53f757dd834919b48ce4799f9d5cad33ca0ae442bdb1a"},
    {file = "coverage-7.13.0-cp313-cp313-win_arm64.whl", hash = "sha256:eb76670874fdd6091eedcc856128ee48c41a9bbbb9c3f1c7c3cf169290e3ffd6"},
    {file = "coverage-7.13.0-cp313-cp313t-macosx_10_13_x86_64.whl", hash = "sha256:6e63ccc6e0ad8986386461c3c4b737540f20426e7ec932f42e030320896c311a"},
    {file = "coverage-7.13.0-cp313-cp313t-macosx_11_0_arm64.whl", hash = "sha256:494f5459ffa1bd45e18558cd98710c36c0b8fbfa82a5eabcbe671d80ecffbfe8"},
    {file = "coverage-7.13.0-cp313-cp313t-manylinux1_i686.manylinux_2_28_i686.manylinux_2_5_i686.whl", hash = "sha256:06cac81bf10f74034e055e903f5f946e3e26fc51c09fc9f584e4a1605d977053"},
    {file = "coverage-7.13.0-cp313-cp313t-manylinux1_x86_64.manylinux_2_28_x86_64.manylinux_2_5_x86_64.whl", hash = "sha256:f2ffc92b46ed6e6760f1d47a71e56b5664781bc68986dbd1836b2b70c0ce2071"},
    {file = "coverage-7.13.0-cp313-cp313t-manylinux2014_aarch64.manylinux_2_17_aarch64.manylinux_2_28_aarch64.whl", hash = "sha256:0602f701057c6823e5db1b74530ce85f17c3c5be5c85fc042ac939cbd909426e"},
    {file = "coverage-7.13.0-cp313-cp313t-manylinux_2_31_riscv64.manylinux_2_39_riscv64.whl", hash = "sha256:25dc33618d45456ccb1d37bce44bc78cf269909aa14c4db2e03d63146a8a1493"},
    {file = "coverage-7.13.0-cp313-cp313t-musllinux_1_2_aarch64.whl", hash = "sha256:71936a8b3b977ddd0b694c28c6a34f4fff2e9dd201969a4ff5d5fc7742d614b0"},
    {file = "coverage-7.13.0-cp313-cp313t-musllinux_1_2_i686.whl", hash = "sha256:936bc20503ce24770c71938d1369461f0c5320830800933bc3956e2a4ded930e"},
    {file = "coverage-7.13.0-cp313-cp313t-musllinux_1_2_riscv64.whl", hash = "sha256:af0a583efaacc52ae2521f8d7910aff65cdb093091d76291ac5820d5e947fc1c"},
    {file = "coverage-7.13.0-cp313-cp313t-musllinux_1_2_x86_64.whl", hash = "sha256:f1c23e24a7000da892a312fb17e33c5f94f8b001de44b7cf8ba2e36fbd15859e"},
    {file = "coverage-7.13.0-cp313-cp313t-win32.whl", hash = "sha256:5f8a0297355e652001015e93be345ee54393e45dc3050af4a0475c5a2b767d46"},
    {file = "coverage-7.13.0-cp313-cp313t-win_amd64.whl", hash = "sha256:6abb3a4c52f05e08460bd9acf04fec027f8718ecaa0d09c40ffbc3fbd70ecc39"},
    {file = "coverage-7.13.0-cp313-cp313t-win_arm64.whl", hash = "sha256:3ad968d1e3aa6ce5be295ab5fe3ae1bf5bb4769d0f98a80a0252d543a2ef2e9e"},
    {file = "coverage-7.13.0-cp314-cp314-macosx_10_15_x86_64.whl", hash = "sha256:453b7ec753cf5e4356e14fe858064e5520c460d3bbbcb9c35e55c0d21155c256"},
    {file = "coverage-7.13.0-cp314-cp314-macosx_11_0_arm64.whl", hash = "sha256:af827b7cbb303e1befa6c4f94fd2bf72f108089cfa0f8abab8f4ca553cf5ca5a"},
    {file = "coverage-7.13.0-cp314-cp314-manylinux1_i686.manylinux_2_28_i686.manylinux_2_5_i686.whl", hash = "sha256:9987a9e4f8197a1000280f7cc089e3ea2c8b3c0a64d750537809879a7b4ceaf9"},
    {file = "coverage-7.13.0-cp314-cp314-manylinux1_x86_64.manylinux_2_28_x86_64.manylinux_2_5_x86_64.whl", hash = "sha256:3188936845cd0cb114fa6a51842a304cdbac2958145d03be2377ec41eb285d19"},
    {file = "coverage-7.13.0-cp314-cp314-manylinux2014_aarch64.manylinux_2_17_aarch64.manylinux_2_28_aarch64.whl", hash = "sha256:a2bdb3babb74079f021696cb46b8bb5f5661165c385d3a238712b031a12355be"},
    {file = "coverage-7.13.0-cp314-cp314-manylinux_2_31_riscv64.manylinux_2_39_riscv64.whl", hash = "sha256:7464663eaca6adba4175f6c19354feea61ebbdd735563a03d1e472c7072d27bb"},
    {file = "coverage-7.13.0-cp314-cp314-musllinux_1_2_aarch64.whl", hash = "sha256:8069e831f205d2ff1f3d355e82f511eb7c5522d7d413f5db5756b772ec8697f8"},
    {file = "coverage-7.13.0-cp314-cp314-musllinux_1_2_i686.whl", hash = "sha256:6fb2d5d272341565f08e962cce14cdf843a08ac43bd621783527adb06b089c4b"},
    {file = "coverage-7.13.0-cp314-cp314-musllinux_1_2_riscv64.whl", hash = "sha256:5e70f92ef89bac1ac8a99b3324923b4749f008fdbd7aa9cb35e01d7a284a04f9"},
    {file = "coverage-7.13.0-cp314-cp314-musllinux_1_2_x86_64.whl", hash = "sha256:4b5de7d4583e60d5fd246dd57fcd3a8aa23c6e118a8c72b38adf666ba8e7e927"},
    {file = "coverage-7.13.0-cp314-cp314-win32.whl", hash = "sha256:a6c6e16b663be828a8f0b6c5027d36471d4a9f90d28444aa4ced4d48d7d6ae8f"},
    {file = "coverage-7.13.0-cp314-cp314-win_amd64.whl", hash = "sha256:0900872f2fdb3ee5646b557918d02279dc3af3dfb39029ac4e945458b13f73bc"},
    {file = "coverage-7.13.0-cp314-cp314-win_arm64.whl", hash = "sha256:3a10260e6a152e5f03f26db4a407c4c62d3830b9af9b7c0450b183615f05d43b"},
    {file = "coverage-7.13.0-cp314-cp314t-macosx_10_15_x86_64.whl", hash = "sha256:9097818b6cc1cfb5f174e3263eba4a62a17683bcfe5c4b5d07f4c97fa51fbf28"},
    {file = "coverage-7.13.0-cp314-cp314t-macosx_11_0_arm64.whl", hash = "sha256:0018f73dfb4301a89292c73be6ba5f58722ff79f51593352759c1790ded1cabe"},
    {file = "coverage-7.13.0-cp314-cp314t-manylinux1_i686.manylinux_2_28_i686.manylinux_2_5_i686.whl", hash = "sha256:166ad2a22ee770f5656e1257703139d3533b4a0b6909af67c6b4a3adc1c98657"},
    {file = "coverage-7.13.0-cp314-cp314t-manylinux1_x86_64.manylinux_2_28_x86_64.manylinux_2_5_x86_64.whl", hash = "sha256:f6aaef16d65d1787280943f1c8718dc32e9cf141014e4634d64446702d26e0ff"},
    {file = "coverage-7.13.0-cp314-cp314t-manylinux2014_aarch64.manylinux_2_17_aarch64.manylinux_2_28_aarch64.whl", hash = "sha256:e999e2dcc094002d6e2c7bbc1fb85b58ba4f465a760a8014d97619330cdbbbf3"},
    {file = "coverage-7.13.0-cp314-cp314t-manylinux_2_31_riscv64.manylinux_2_39_riscv64.whl", hash = "sha256:00c3d22cf6fb1cf3bf662aaaa4e563be8243a5ed2630339069799835a9cc7f9b"},
    {file = "coverage-7.13.0-cp314-cp314t-musllinux_1_2_aarch64.whl", hash = "sha256:22ccfe8d9bb0d6134892cbe1262493a8c70d736b9df930f3f3afae0fe3ac924d"},
    {file = "coverage-7.13.0-cp314-cp314t-musllinux_1_2_i686.whl", hash = "sha256:9372dff5ea15930fea0445eaf37bbbafbc771a49e70c0aeed8b4e2c2614cc00e"},
    {file = "coverage-7.13.0-cp314-cp314t-musllinux_1_2_riscv64.whl", hash = "sha256:69ac2c492918c2461bc6ace42d0479638e60719f2a4ef3f0815fa2df88e9f940"},
    {file = "coverage-7.13.0-cp314-cp314t-musllinux_1_2_x86_64.whl", hash = "sha256:739c6c051a7540608d097b8e13c76cfa85263ced467168dc6b477bae3df7d0e2"},
    {file = "coverage-7.13.0-cp314-cp314t-win32.whl", hash = "sha256:fe81055d8c6c9de76d60c94ddea73c290b416e061d40d542b24a5871bad498b7"},
    {file = "coverage-7.13.0-cp314-cp314t-win_amd64.whl", hash = "sha256:445badb539005283825959ac9fa4a28f712c214b65af3a2c464f1adc90f5fcbc"},
    {file = "coverage-7.13.0-cp314-cp314t-win_arm64.whl", hash = "sha256:de7f6748b890708578fc4b7bb967d810aeb6fcc9bff4bb77dbca77dab2f9df6a"},
    {file = "coverage-7.13.0-py3-none-any.whl", hash = "sha256:850d2998f380b1e266459ca5b47bc9e7daf9af1d070f66317972f382d46f1904"},
    {file = "coverage-7.13.0.tar.gz", hash = "sha256:a394aa27f2d7ff9bc04cf703817773a59ad6dfbd577032e690f961d2460ee936"},
]

[package.extras]
toml = ["tomli ; python_full_version <= \"3.11.0a6\""]

[[package]]
name = "iniconfig"
version = "2.0.0"
description = "brain-dead simple config-ini parsing"
optional = false
python-versions = ">=3.7"
groups = ["dev"]
files = [
    {file = "iniconfig-2.0.0-py3-none-any.whl", hash = "sha256:b6a85871a79d2e3b22d2d1b94ac2824226a63c6b741c88f7ae975f18b6778374"},
    {file = "iniconfig-2.0.0.tar.gz", hash = "sha256:2d91e135bf72d31a410b17c16da610a82cb55f6b0477d1a902134b24a455b8b3"},
]

[[package]]
name = "librt"
version = "0.7.4"
description = "Mypyc runtime library"
optional = false
python-versions = ">=3.9"
groups = ["dev"]
markers = "platform_python_implementation != \"PyPy\""
files = [
    {file = "librt-0.7.4-cp310-cp310-macosx_10_9_x86_64.whl", hash = "sha256:dc300cb5a5a01947b1ee8099233156fdccd5001739e5f596ecfbc0dab07b5a3b"},
    {file = "librt-0.7.4-cp310-cp310-macosx_11_0_arm64.whl", hash = "sha256:ee8d3323d921e0f6919918a97f9b5445a7dfe647270b2629ec1008aa676c0bc0"},
    {file = "librt-0.7.4-cp310-cp310-manylinux1_i686.manylinux_2_28_i686.manylinux_2_5_i686.whl", hash = "sha256:95cb80854a355b284c55f79674f6187cc9574df4dc362524e0cce98c89ee8331"},
    {file = "librt-0.7.4-cp310-cp310-manylinux2014_aarch64.manylinux_2_17_aarch64.manylinux_2_28_aarch64.whl", hash = "sha256:3ca1caedf8331d8ad6027f93b52d68ed8f8009f5c420c246a46fe9d3be06be0f"},
    {file = "librt-0.7.4-cp310-cp310-manylinux2014_x86_64.manylinux_2_17_x86_64.manylinux_2_28_x86_64.whl", hash = "sha256:c2a6f1236151e6fe1da289351b5b5bce49651c91554ecc7b70a947bced6fe212"},
    {file = "librt-0.7.4-cp310-cp310-musllinux_1_2_aarch64.whl", hash = "sha256:7766b57aeebaf3f1dac14fdd4a75c9a61f2ed56d8ebeefe4189db1cb9d2a3783"},
    {file = "librt-0.7.4-cp310-cp310-musllinux_1_2_i686.whl", hash = "sha256:1c4c89fb01157dd0a3bfe9e75cd6253b0a1678922befcd664eca0772a4c6c979"},
    {file = "librt-0.7.4-cp310-cp310-musllinux_1_2_x86_64.whl", hash = "sha256:f7fa8beef580091c02b4fd26542de046b2abfe0aaefa02e8bcf68acb7618f2b3"},
    {file = "librt-0.7.4-cp310-cp310-win32.whl", hash = "sha256:543c42fa242faae0466fe72d297976f3c710a357a219b1efde3a0539a68a6997"},
    {file = "librt-0.7.4-cp310-cp310-win_amd64.whl", hash = "sha256:25cc40d8eb63f0a7ea4c8f49f524989b9df901969cb860a2bc0e4bad4b8cb8a8"},
    {file = "librt-0.7.4-cp311-cp311-macosx_10_9_x86_64.whl", hash = "sha256:3485b9bb7dfa66167d5500ffdafdc35415b45f0da06c75eb7df131f3357b174a"},
    {file = "librt-0.7.4-cp311-cp311-macosx_11_0_arm64.whl", hash = "sha256:188b4b1a770f7f95ea035d5bbb9d7367248fc9d12321deef78a269ebf46a5729"},
    {file = "librt-0.7.4-cp311-cp311-manylinux1_i686.manylinux_2_28_i686.manylinux_2_5_i686.whl", hash = "sha256:1b668b1c840183e4e38ed5a99f62fac44c3a3eef16870f7f17cfdfb8b47550ed"},
    {file = "librt-0.7.4-cp311-cp311-manylinux2014_aarch64.manylinux_2_17_aarch64.manylinux_2_28_aarch64.whl", hash = "sha256:0e8f864b521f6cfedb314d171630f827efee08f5c3462bcbc2244ab8e1768cd6"},
    {file = "librt-0.7.4-cp311-cp311-manylinux2014_x86_64.manylinux_2_17_x86_64.manylinux_2_28_x86_64.whl", hash = "sha256:4df7c9def4fc619a9c2ab402d73a0c5b53899abe090e0100323b13ccb5a3dd82"},
    {file = "librt-0.7.4-cp311-cp311-musllinux_1_2_aarch64.whl", hash = "sha256:f79bc3595b6ed159a1bf0cdc70ed6ebec393a874565cab7088a219cca14da727"},
    {file = "librt-0.7.4-cp311-cp311-musllinux_1_2_i686.whl", hash = "sha256:77772a4b8b5f77d47d883846928c36d730b6e612a6388c74cba33ad9eb149c11"},
    {file = "librt-0.7.4-cp311-cp311-musllinux_1_2_x86_64.whl", hash = "sha256:064a286e6ab0b4c900e228ab4fa9cb3811b4b83d3e0cc5cd816b2d0f548cb61c"},
    {file = "librt-0.7.4-cp311-cp311-win32.whl", hash = "sha256:42da201c47c77b6cc91fc17e0e2b330154428d35d6024f3278aa2683e7e2daf2"},
    {file = "librt-0.7.4-cp311-cp311-win_amd64.whl", hash = "sha256:d31acb5886c16ae1711741f22504195af46edec8315fe69b77e477682a87a83e"},
    {file = "librt-0.7.4-cp311-cp311-win_arm64.whl", hash = "sha256:114722f35093da080a333b3834fff04ef43147577ed99dd4db574b03a5f7d170"},
    {file = "librt-0.7.4-cp312-cp312-macosx_10_13_x86_64.whl", hash = "sha256:7dd3b5c37e0fb6666c27cf4e2c88ae43da904f2155c4cfc1e5a2fdce3b9fcf92"},
    {file = "librt-0.7.4-cp312-cp312-macosx_11_0_arm64.whl", hash = "sha256:a9c5de1928c486201b23ed0cc4ac92e6e07be5cd7f3abc57c88a9cf4f0f32108"},
    {file = "librt-0.7.4-cp312-cp312-manylinux1_i686.manylinux_2_28_i686.manylinux_2_5_i686.whl", hash = "sha256:078ae52ffb3f036396cc4aed558e5b61faedd504a3c1f62b8ae34bf95ae39d94"},
    {file = "librt-0.7.4-cp312-cp312-manylinux2014_aarch64.manylinux_2_17_aarch64.manylinux_2_28_aarch64.whl", hash = "sha256:ce58420e25097b2fc201aef9b9f6d65df1eb8438e51154e1a7feb8847e4a55ab"},
    {file = "librt-0.7.4-cp312-cp312-manylinux2014_x86_64.manylinux_2_17_x86_64.manylinux_2_28_x86_64.whl", hash = "sha256:b719c8730c02a606dc0e8413287e8e94ac2d32a51153b300baf1f62347858fba"},
    {file = "librt-0.7.4-cp312-cp312-musllinux_1_2_aarch64.whl", hash = "sha256:3749ef74c170809e6dee68addec9d2458700a8de703de081c888e92a8b015cf9"},
    {file = "librt-0.7.4-cp312-cp312-musllinux_1_2_i686.whl", hash = "sha256:b35c63f557653c05b5b1b6559a074dbabe0afee28ee2a05b6c9ba21ad0d16a74"},
    {file = "librt-0.7.4-cp312-cp312-musllinux_1_2_x86_64.whl", hash = "sha256:1ef704e01cb6ad39ad7af668d51677557ca7e5d377663286f0ee1b6b27c28e5f"},
    {file = "librt-0.7.4-cp312-cp312-win32.whl", hash = "sha256:c66c2b245926ec15188aead25d395091cb5c9df008d3b3207268cd65557d6286"},
    {file = "librt-0.7.4-cp312-cp312-win_amd64.whl", hash = "sha256:71a56f4671f7ff723451f26a6131754d7c1809e04e22ebfbac1db8c9e6767a20"},
    {file = "librt-0.7.4-cp312-cp312-win_arm64.whl", hash = "sha256:419eea245e7ec0fe664eb7e85e7ff97dcdb2513ca4f6b45a8ec4a3346904f95a"},
    {file = "librt-0.7.4-cp313-cp313-macosx_10_13_x86_64.whl", hash = "sha256:d44a1b1ba44cbd2fc3cb77992bef6d6fdb1028849824e1dd5e4d746e1f7f7f0b"},
    {file = "librt-0.7.4-cp313-cp313-macosx_11_0_arm64.whl", hash = "sha256:c9cab4b3de1f55e6c30a84c8cee20e4d3b2476f4d547256694a1b0163da4fe32"},
    {file = "librt-0.7.4-cp313-cp313-manylinux1_i686.manylinux_2_28_i686.manylinux_2_5_i686.whl", hash = "sha256:2857c875f1edd1feef3c371fbf830a61b632fb4d1e57160bb1e6a3206e6abe67"},
    {file = "librt-0.7.4-cp313-cp313-manylinux2014_aarch64.manylinux_2_17_aarch64.manylinux_2_28_aarch64.whl", hash = "sha256:b370a77be0a16e1ad0270822c12c21462dc40496e891d3b0caf1617c8cc57e20"},
    {file = "librt-0.7.4-cp313-cp313-manylinux2014_x86_64.manylinux_2_17_x86_64.manylinux_2_28_x86_64.whl", hash = "sha256:d05acd46b9a52087bfc50c59dfdf96a2c480a601e8898a44821c7fd676598f74"},
    {file = "librt-0.7.4-cp313-cp313-musllinux_1_2_aarch64.whl", hash = "sha256:70969229cb23d9c1a80e14225838d56e464dc71fa34c8342c954fc50e7516dee"},
    {file = "librt-0.7.4-cp313-cp313-musllinux_1_2_i686.whl", hash = "sha256:4450c354b89dbb266730893862dbff06006c9ed5b06b6016d529b2bf644fc681"},
    {file = "librt-0.7.4-cp313-cp313-musllinux_1_2_x86_64.whl", hash = "sha256:adefe0d48ad35b90b6f361f6ff5a1bd95af80c17d18619c093c60a20e7a5b60c"},
    {file = "librt-0.7.4-cp313-cp313-win32.whl", hash = "sha256:21ea710e96c1e050635700695095962a22ea420d4b3755a25e4909f2172b4ff2"},
    {file = "librt-0.7.4-cp313-cp313-win_amd64.whl", hash = "sha256:772e18696cf5a64afee908662fbcb1f907460ddc851336ee3a848ef7684c8e1e"},
    {file = "librt-0.7.4-cp313-cp313-win_arm64.whl", hash = "sha256:52e34c6af84e12921748c8354aa6acf1912ca98ba60cdaa6920e34793f1a0788"},
    {file = "librt-0.7.4-cp314-cp314-macosx_10_13_x86_64.whl", hash = "sha256:4f1ee004942eaaed6e06c087d93ebc1c67e9a293e5f6b9b5da558df6bf23dc5d"},
    {file = "librt-0.7.4-cp314-cp314-macosx_11_0_arm64.whl", hash = "sha256:d854c6dc0f689bad7ed452d2a3ecff58029d80612d336a45b62c35e917f42d23"},
    {file = "librt-0.7.4-cp314-cp314-manylinux1_i686.manylinux_2_28_i686.manylinux_2_5_i686.whl", hash = "sha256:a4f7339d9e445280f23d63dea842c0c77379c4a47471c538fc8feedab9d8d063"},
    {file = "librt-0.7.4-cp314-cp314-manylinux2014_aarch64.manylinux_2_17_aarch64.manylinux_2_28_aarch64.whl", hash = "sha256:39003fc73f925e684f8521b2dbf34f61a5deb8a20a15dcf53e0d823190ce8848"},
    {file = "librt-0.7.4-cp314-cp314-manylinux2014_x86_64.manylinux_2_17_x86_64.manylinux_2_28_x86_64.whl", hash = "sha256:6bb15ee29d95875ad697d449fe6071b67f730f15a6961913a2b0205015ca0843"},
    {file = "librt-0.7.4-cp314-cp314-musllinux_1_2_aarch64.whl", hash = "sha256:02a69369862099e37d00765583052a99d6a68af7e19b887e1b78fee0146b755a"},
    {file = "librt-0.7.4-cp314-cp314-musllinux_1_2_i686.whl", hash = "sha256:ec72342cc4d62f38b25a94e28b9efefce41839aecdecf5e9627473ed04b7be16"},
    {file = "librt-0.7.4-cp314-cp314-musllinux_1_2_x86_64.whl", hash = "sha256:776dbb9bfa0fc5ce64234b446995d8d9f04badf64f544ca036bd6cff6f0732ce"},
    {file = "librt-0.7.4-cp314-cp314-win32.whl", hash = "sha256:0f8cac84196d0ffcadf8469d9ded4d4e3a8b1c666095c2a291e22bf58e1e8a9f"},
    {file = "librt-0.7.4-cp314-cp314-win_amd64.whl", hash = "sha256:037f5cb6fe5abe23f1dc058054d50e9699fcc90d0677eee4e4f74a8677636a1a"},
    {file = "librt-0.7.4-cp314-cp314-win_arm64.whl", hash = "sha256:a5deebb53d7a4d7e2e758a96befcd8edaaca0633ae71857995a0f16033289e44"},
    {file = "librt-0.7.4-cp314-cp314t-macosx_10_13_x86_64.whl", hash = "sha256:b4c25312c7f4e6ab35ab16211bdf819e6e4eddcba3b2ea632fb51c9a2a97e105"},
    {file = "librt-0.7.4-cp314-cp314t-macosx_11_0_arm64.whl", hash = "sha256:618b7459bb392bdf373f2327e477597fff8f9e6a1878fffc1b711c013d1b0da4"},
    {file = "librt-0.7.4-cp314-cp314t-manylinux1_i686.manylinux_2_28_i686.manylinux_2_5_i686.whl", hash = "sha256:1437c3f72a30c7047f16fd3e972ea58b90172c3c6ca309645c1c68984f05526a"},
    {file = "librt-0.7.4-cp314-cp314t-manylinux2014_aarch64.manylinux_2_17_aarch64.manylinux_2_28_aarch64.whl", hash = "sha256:c96cb76f055b33308f6858b9b594618f1b46e147a4d03a4d7f0c449e304b9b95"},
    {file = "librt-0.7.4-cp314-cp314t-manylinux2014_x86_64.manylinux_2_17_x86_64.manylinux_2_28_x86_64.whl", hash = "sha256:28f990e6821204f516d09dc39966ef8b84556ffd648d5926c9a3f681e8de8906"},
    {file = "librt-0.7.4-cp314-cp314t-musllinux_1_2_aarch64.whl", hash = "sha256:bc4aebecc79781a1b77d7d4e7d9fe080385a439e198d993b557b60f9117addaf"},
    {file = "librt-0.7.4-cp314-cp314t-musllinux_1_2_i686.whl", hash = "sha256:022cc673e69283a42621dd453e2407cf1647e77f8bd857d7ad7499901e62376f"},
    {file = "librt-0.7.4-cp314-cp314t-musllinux_1_2_x86_64.whl", hash = "sha256:2b3ca211ae8ea540569e9c513da052699b7b06928dcda61247cb4f318122bdb5"},
    {file = "librt-0.7.4-cp314-cp314t-win32.whl", hash = "sha256:8a461f6456981d8c8e971ff5a55f2e34f4e60871e665d2f5fde23ee74dea4eeb"},
    {file = "librt-0.7.4-cp314-cp314t-win_amd64.whl", hash = "sha256:721a7b125a817d60bf4924e1eec2a7867bfcf64cfc333045de1df7a0629e4481"},
    {file = "librt-0.7.4-cp314-cp314t-win_arm64.whl", hash = "sha256:76b2ba71265c0102d11458879b4d53ccd0b32b0164d14deb8d2b598a018e502f"},
    {file = "librt-0.7.4-cp39-cp39-macosx_10_9_x86_64.whl", hash = "sha256:6fc4aa67fedd827a601f97f0e61cc72711d0a9165f2c518e9a7c38fc1568b9ad"},
    {file = "librt-0.7.4-cp39-cp39-macosx_11_0_arm64.whl", hash = "sha256:e710c983d29d9cc4da29113b323647db286eaf384746344f4a233708cca1a82c"},
    {file = "librt-0.7.4-cp39-cp39-manylinux1_i686.manylinux_2_28_i686.manylinux_2_5_i686.whl", hash = "sha256:43a2515a33f2bc17b15f7fb49ff6426e49cb1d5b2539bc7f8126b9c5c7f37164"},
    {file = "librt-0.7.4-cp39-cp39-manylinux2014_aarch64.manylinux_2_17_aarch64.manylinux_2_28_aarch64.whl", hash = "sha256:0fd766bb9ace3498f6b93d32f30c0e7c8ce6b727fecbc84d28160e217bb66254"},
    {file = "librt-0.7.4-cp39-cp39-manylinux2014_x86_64.manylinux_2_17_x86_64.manylinux_2_28_x86_64.whl", hash = "sha256:ce1b44091355b68cffd16e2abac07c1cafa953fa935852d3a4dd8975044ca3bf"},
    {file = "librt-0.7.4-cp39-cp39-musllinux_1_2_aarch64.whl", hash = "sha256:5a72b905420c4bb2c10c87b5c09fe6faf4a76d64730e3802feef255e43dfbf5a"},
    {file = "librt-0.7.4-cp39-cp39-musllinux_1_2_i686.whl", hash = "sha256:07c4d7c9305e75a0edd3427b79c7bd1d019cd7eddaa7c89dbb10e0c7946bffbb"},
    {file = "librt-0.7.4-cp39-cp39-musllinux_1_2_x86_64.whl", hash = "sha256:2e734c2c54423c6dcc77f58a8585ba83b9f72e422f9edf09cab1096d4a4bdc82"},
    {file = "librt-0.7.4-cp39-cp39-win32.whl", hash = "sha256:a34ae11315d4e26326aaf04e21ccd8d9b7de983635fba38d73e203a9c8e3fe3d"},
    {file = "librt-0.7.4-cp39-cp39-win_amd64.whl", hash = "sha256:7e4b5ffa1614ad4f32237d739699be444be28de95071bfa4e66a8da9fa777798"},
    {file = "librt-0.7.4.tar.gz", hash = "sha256:3871af56c59864d5fd21d1ac001eb2fb3b140d52ba0454720f2e4a19812404ba"},
]

[[package]]
name = "mypy"
version = "1.19.1"
description = "Optional static typing for Python"
optional = false
python-versions = ">=3.9"
groups = ["dev"]
files = [
    {file = "mypy-1.19.1-cp310-cp310-macosx_10_9_x86_64.whl", hash = "sha256:5f05aa3d375b385734388e844bc01733bd33c644ab48e9684faa54e5389775ec"},
    {file = "mypy-1.19.1-cp310-cp310-macosx_11_0_arm64.whl", hash = "sha256:022ea7279374af1a5d78dfcab853fe6a536eebfda4b59deab53cd21f6cd9f00b"},
    {file = "mypy-1.19.1-cp310-cp310-manylinux2014_aarch64.manylinux_2_17_aarch64.manylinux_2_28_aarch64.whl", hash = "sha256:ee4c11e460685c3e0c64a4c5de82ae143622410950d6be863303a1c4ba0e36d6"},
    {file = "mypy-1.19.1-cp310-cp310-manylinux2014_x86_64.manylinux_2_17_x86_64.manylinux_2_28_x86_64.whl", hash = "sha256:de759aafbae8763283b2ee5869c7255391fbc4de3ff171f8f030b5ec48381b74"},
    {file = "mypy-1.19.1-cp310-cp310-musllinux_1_2_x86_64.whl", hash = "sha256:ab43590f9cd5108f41aacf9fca31841142c786827a74ab7cc8a2eacb634e09a1"},
    {file = "mypy-1.19.1-cp310-cp310-win_amd64.whl", hash = "sha256:2899753e2f61e571b3971747e302d5f420c3fd09650e1951e99f823bc3089dac"},
    {file = "mypy-1.19.1-cp311-cp311-macosx_10_9_x86_64.whl", hash = "sha256:d8dfc6ab58ca7dda47d9237349157500468e404b17213d44fc1cb77bce532288"},
    {file = "mypy-1.19.1-cp311-cp311-macosx_11_0_arm64.whl", hash = "sha256:e3f276d8493c3c97930e354b2595a44a21348b320d859fb4a2b9f66da9ed27ab"},
    {file = "mypy-1.19.1-cp311-cp311-manylinux2014_aarch64.manylinux_2_17_aarch64.manylinux_2_28_aarch64.whl", hash = "sha256:2abb24cf3f17864770d18d673c85235ba52456b36a06b6afc1e07c1fdcd3d0e6"},
    {file = "mypy-1.19.1-cp311-cp311-manylinux2014_x86_64.manylinux_2_17_x86_64.manylinux_2_28_x86_64.whl", hash = "sha256:a009ffa5a621762d0c926a078c2d639104becab69e79538a494bcccb62cc0331"},
    {file = "mypy-1.19.1-cp311-cp311-musllinux_1_2_x86_64.whl", hash = "sha256:f7cee03c9a2e2ee26ec07479f38ea9c884e301d42c6d43a19d20fb014e3ba925"},
    {file = "mypy-1.19.1-cp311-cp311-win_amd64.whl", hash = "sha256:4b84a7a18f41e167f7995200a1d07a4a6810e89d29859df936f1c3923d263042"},
    {file = "mypy-1.19.1-cp312-cp312-macosx_10_13_x86_64.whl", hash = "sha256:a8174a03289288c1f6c46d55cef02379b478bfbc8e358e02047487cad44c6ca1"},
    {file = "mypy-1.19.1-cp312-cp312-macosx_11_0_arm64.whl", hash = "sha256:ffcebe56eb09ff0c0885e750036a095e23793ba6c2e894e7e63f6d89ad51f22e"},
    {file = "mypy-1.19.1-cp312-cp312-manylinux2014_aarch64.manylinux_2_17_aarch64.manylinux_2_28_aarch64.whl", hash = "sha256:b64d987153888790bcdb03a6473d321820597ab8dd9243b27a92153c4fa50fd2"},
    {file = "mypy-1.19.1-cp312-cp312-manylinux2014_x86_64.manylinux_2_17_x86_64.manylinux_2_28_x86_64.whl", hash = "sha256:c35d298c2c4bba75feb2195655dfea8124d855dfd7343bf8b8c055421eaf0cf8"},
    {file = "mypy-1.19.1-cp312-cp312-musllinux_1_2_x86_64.whl", hash = "sha256:34c81968774648ab5ac09c29a375fdede03ba253f8f8287847bd480782f73a6a"},
    {file = "mypy-1.19.1-cp312-cp312-win_amd64.whl", hash = "sha256:b10e7c2cd7870ba4ad9b2d8a6102eb5ffc1f16ca35e3de6bfa390c1113029d13"},
    {file = "mypy-1.19.1-cp313-cp313-macosx_10_13_x86_64.whl", hash = "sha256:e3157c7594ff2ef1634ee058aafc56a82db665c9438fd41b390f3bde1ab12250"},
    {file = "mypy-1.19.1-cp313-cp313-macosx_11_0_arm64.whl", hash = "sha256:bdb12f69bcc02700c2b47e070238f42cb87f18c0bc1fc4cdb4fb2bc5fd7a3b8b"},
    {file = "mypy-1.19.1-cp313-cp313-manylinux2014_aarch64.manylinux_2_17_aarch64.manylinux_2_28_aarch64.whl", hash = "sha256:f859fb09d9583a985be9a493d5cfc5515b56b08f7447759a0c5deaf68d80506e"},
    {file = "mypy-1.19.1-cp313-cp313-manylinux2014_x86_64.manylinux_2_17_x86_64.manylinux_2_28_x86_64.whl", hash = "sha256:c9a6538e0415310aad77cb94004ca6482330fece18036b5f360b62c45814c4ef"},
    {file = "mypy-1.19.1-cp313-cp313-musllinux_1_2_x86_64.whl", hash = "sha256:da4869fc5e7f62a88f3fe0b5c919d1d9f7ea3cef92d3689de2823fd27e40aa75"},
    {file = "mypy-1.19.1-cp313-cp313-win_amd64.whl", hash = "sha256:016f2246209095e8eda7538944daa1d60e1e8134d98983b9fc1e92c1fc0cb8dd"},
    {file = "mypy-1.19.1-cp314-cp314-macosx_10_15_x86_64.whl", hash = "sha256:06e6170bd5836770e8104c8fdd58e5e725cfeb309f0a6c681a811f557e97eac1"},
    {file = "mypy-1.19.1-cp314-cp314-macosx_11_0_arm64.whl", hash = "sha256:804bd67b8054a85447c8954215a906d6eff9cabeabe493fb6334b24f4bfff718"},
    {file = "mypy-1.19.1-cp314-cp314-manylinux2014_aarch64.manylinux_2_17_aarch64.manylinux_2_28_aarch64.whl", hash = "sha256:21761006a7f497cb0d4de3d8ef4ca70532256688b0523eee02baf9eec895e27b"},
    {file = "mypy-1.19.1-cp314-cp314-manylinux2014_x86_64.manylinux_2_17_x86_64.manylinux_2_28_x86_64.whl", hash = "sha256:28902ee51f12e0f19e1e16fbe2f8f06b6637f482c459dd393efddd0ec7f82045"},
    {file = "mypy-1.19.1-cp314-cp314-musllinux_1_2_x86_64.whl", hash = "sha256:481daf36a4c443332e2ae9c137dfee878fcea781a2e3f895d54bd3002a900957"},
    {file = "mypy-1.19.1-cp314-cp314-win_amd64.whl", hash = "sha256:8bb5c6f6d043655e055be9b542aa5f3bdd30e4f3589163e85f93f3640060509f"},
    {file = "mypy-1.19.1-cp39-cp39-macosx_10_9_x86_64.whl", hash = "sha256:7bcfc336a03a1aaa26dfce9fff3e287a3ba99872a157561cbfcebe67c13308e3"},
    {file = "mypy-1.19.1-cp39-cp39-macosx_11_0_arm64.whl", hash = "sha256:b7951a701c07ea584c4fe327834b92a30825514c868b1f69c30445093fdd9d5a"},
    {file = "mypy-1.19.1-cp39-cp39-manylinux2014_aarch64.manylinux_2_17_aarch64.manylinux_2_28_aarch64.whl", hash = "sha256:b13cfdd6c87fc3efb69ea4ec18ef79c74c3f98b4e5498ca9b85ab3b2c2329a67"},
    {file = "mypy-1.19.1-cp39-cp39-manylinux2014_x86_64.manylinux_2_17_x86_64.manylinux_2_28_x86_64.whl", hash = "sha256:4f28f99c824ecebcdaa2e55d82953e38ff60ee5ec938476796636b86afa3956e"},
    {file = "mypy-1.19.1-cp39-cp39-musllinux_1_2_x86_64.whl", hash = "sha256:c608937067d2fc5a4dd1a5ce92fd9e1398691b8c5d012d66e1ddd430e9244376"},
    {file = "mypy-1.19.1-cp39-cp39-win_amd64.whl", hash = "sha256:409088884802d511ee52ca067707b90c883426bd95514e8cfda8281dc2effe24"},
    {file = "mypy-1.19.1-py3-none-any.whl", hash = "sha256:f1235f5ea01b7db5468d53ece6aaddf1ad0b88d9e7462b86ef96fe04995d7247"},
    {file = "mypy-1.19.1.tar.gz", hash = "sha256:19d88bb05303fe63f71dd2c6270daca27cb9401c4ca8255fe50d1d920e0eb9ba"},
]

[package.dependencies]
librt = {version = ">=0.6.2", markers = "platform_python_implementation != \"PyPy\""}
mypy_extensions = ">=1.0.0"
pathspec = ">=0.9.0"
typing_extensions = ">=4.6.0"

[package.extras]
dmypy = ["psutil (>=4.0)"]
faster-cache = ["orjson"]
install-types = ["pip"]
mypyc = ["setuptools (>=50)"]
reports = ["lxml"]

[[package]]
name = "mypy-extensions"
version = "1.0.0"
description = "Type system extensions for programs checked with the mypy type checker."
optional = false
python-versions = ">=3.5"
groups = ["dev"]
files = [
    {file = "mypy_extensions-1.0.0-py3-none-any.whl", hash = "sha256:4392f6c0eb8a5668a69e23d168ffa70f0be9ccfd32b5cc2d26a34ae5b844552d"},
    {file = "mypy_extensions-1.0.0.tar.gz", hash = "sha256:75dbf8955dc00442a438fc4d0666508a9a97b6bd41aa2f0ffe9d2f2725af0782"},
]

[[package]]
name = "packaging"
version = "23.2"
description = "Core utilities for Python packages"
optional = false
python-versions = ">=3.7"
groups = ["dev"]
files = [
    {file = "packaging-23.2-py3-none-any.whl", hash = "sha256:8c491190033a9af7e1d931d0b5dacc2ef47509b34dd0de67ed209b5203fc88c7"},
    {file = "packaging-23.2.tar.gz", hash = "sha256:048fb0e9405036518eaaf48a55953c750c11e1a1b68e0dd1a9d62ed0c092cfc5"},
]

[[package]]
name = "pathspec"
version = "0.12.1"
description = "Utility library for gitignore style pattern matching of file paths."
optional = false
python-versions = ">=3.8"
groups = ["dev"]
files = [
    {file = "pathspec-0.12.1-py3-none-any.whl", hash = "sha256:a0d503e138a4c123b27490a4f7beda6a01c6f288df0e4a8b79c7eb0dc7b4cc08"},
    {file = "pathspec-0.12.1.tar.gz", hash = "sha256:a482d51503a1ab33b1c67a6c3813a26953dbdc71c31dacaef9a838c4e29f5712"},
]

[[package]]
name = "pexpect"
version = "4.9.0"
description = "Pexpect allows easy control of interactive console applications."
optional = false
python-versions = "*"
groups = ["main"]
files = [
    {file = "pexpect-4.9.0-py2.py3-none-any.whl", hash = "sha256:7236d1e080e4936be2dc3e326cec0af72acf9212a7e1d060210e70a47e253523"},
    {file = "pexpect-4.9.0.tar.gz", hash = "sha256:ee7d41123f3c9911050ea2c2dac107568dc43b2d3b0c7557a33212c398ead30f"},
]

[package.dependencies]
ptyprocess = ">=0.5"

[[package]]
name = "pluggy"
version = "1.5.0"
description = "plugin and hook calling mechanisms for python"
optional = false
python-versions = ">=3.8"
groups = ["dev"]
files = [
    {file = "pluggy-1.5.0-py3-none-any.whl", hash = "sha256:44e1ad92c8ca002de6377e165f3e0f1be63266ab4d554740532335b9d75ea669"},
    {file = "pluggy-1.5.0.tar.gz", hash = "sha256:2cffa88e94fdc978c4c574f15f9e59b7f4201d439195c3715ca9e2486f1d0cf1"},
]

[package.extras]
dev = ["pre-commit", "tox"]
testing = ["pytest", "pytest-benchmark"]

[[package]]
name = "ptyprocess"
version = "0.7.0"
description = "Run a subprocess in a pseudo terminal"
optional = false
python-versions = "*"
groups = ["main"]
files = [
    {file = "ptyprocess-0.7.0-py2.py3-none-any.whl", hash = "sha256:4b41f3967fce3af57cc7e94b888626c18bf37a083e3651ca8feeb66d492fef35"},
    {file = "ptyprocess-0.7.0.tar.gz", hash = "sha256:5c5d0a3b48ceee0b48485e0c26037c0acd7d29765ca3fbb5cb3831d347423220"},
]

[[package]]
name = "pygments"
version = "2.16.1"
description = "Pygments is a syntax highlighting package written in Python."
optional = false
python-versions = ">=3.7"
groups = ["dev"]
files = [
    {file = "Pygments-2.16.1-py3-none-any.whl", hash = "sha256:13fc09fa63bc8d8671a6d247e1eb303c4b343eaee81d861f3404db2935653692"},
    {file = "Pygments-2.16.1.tar.gz", hash = "sha256:1daff0494820c69bc8941e407aa20f577374ee88364ee10a98fdbe0aece96e29"},
]

[package.extras]
plugins = ["importlib-metadata ; python_version < \"3.8\""]

[[package]]
name = "pygobject-stubs"
version = "2.16.0"
description = "Typing stubs for PyGObject"
optional = false
python-versions = ">=3.9"
groups = ["dev"]
files = [
    {file = "pygobject_stubs-2.16.0.tar.gz", hash = "sha256:a97574616e92ef458605f9520d8d9db4c2a131affcd12fdd51db0b42395291e9"},
]

[package.dependencies]
typing_extensions = "*"

[package.extras]
dev = ["PyGObject", "codespell (>=2.4.1)", "isort (>=6.0.1)", "pre-commit", "ruff (>=0.12.7)"]

[[package]]
name = "pytest"
version = "9.0.2"
description = "pytest: simple powerful testing with Python"
optional = false
python-versions = ">=3.10"
groups = ["dev"]
files = [
    {file = "pytest-9.0.2-py3-none-any.whl", hash = "sha256:711ffd45bf766d5264d487b917733b453d917afd2b0ad65223959f59089f875b"},
    {file = "pytest-9.0.2.tar.gz", hash = "sha256:75186651a92bd89611d1d9fc20f0b4345fd827c41ccd5c299a868a05d70edf11"},
]

[package.dependencies]
colorama = {version = ">=0.4", markers = "sys_platform == \"win32\""}
iniconfig = ">=1.0.1"
packaging = ">=22"
pluggy = ">=1.5,<2"
pygments = ">=2.7.2"

[package.extras]
dev = ["argcomplete", "attrs (>=19.2)", "hypothesis (>=3.56)", "mock", "requests", "setuptools", "xmlschema"]

[[package]]
name = "pytest-cov"
version = "7.0.0"
description = "Pytest plugin for measuring coverage."
optional = false
python-versions = ">=3.9"
groups = ["dev"]
files = [
    {file = "pytest_cov-7.0.0-py3-none-any.whl", hash = "sha256:3b8e9558b16cc1479da72058bdecf8073661c7f57f7d3c5f22a1c23507f2d861"},
    {file = "pytest_cov-7.0.0.tar.gz", hash = "sha256:33c97eda2e049a0c5298e91f519302a1334c26ac65c1a483d6206fd458361af1"},
]

[package.dependencies]
coverage = {version = ">=7.10.6", extras = ["toml"]}
pluggy = ">=1.2"
pytest = ">=7"

[package.extras]
testing = ["process-tests", "pytest-xdist", "virtualenv"]

[[package]]
name = "pytest-mock"
version = "3.15.1"
description = "Thin-wrapper around the mock package for easier use with pytest"
optional = false
python-versions = ">=3.9"
groups = ["dev"]
files = [
    {file = "pytest_mock-3.15.1-py3-none-any.whl", hash = "sha256:0a25e2eb88fe5168d535041d09a4529a188176ae608a6d249ee65abc0949630d"},
    {file = "pytest_mock-3.15.1.tar.gz", hash = "sha256:1849a238f6f396da19762269de72cb1814ab44416fa73a8686deac10b0d87a0f"},
]

[package.dependencies]
pytest = ">=6.2.5"

[package.extras]
dev = ["pre-commit", "pytest-asyncio", "tox"]

[[package]]
name = "types-pexpect"
version = "4.9.0.20250916"
description = "Typing stubs for pexpect"
optional = false
python-versions = ">=3.9"
groups = ["dev"]
files = [
    {file = "types_pexpect-4.9.0.20250916-py3-none-any.whl", hash = "sha256:7fa43cb96042ac58bc74f7c28e5d85782be0ee01344149886849e9d90936fe8a"},
    {file = "types_pexpect-4.9.0.20250916.tar.gz", hash = "sha256:69e5fed6199687a730a572de780a5749248a4c5df2ff1521e194563475c9928d"},
]

[[package]]
name = "types-setuptools"
version = "80.9.0.20250822"
description = "Typing stubs for setuptools"
optional = false
python-versions = ">=3.9"
groups = ["dev"]
files = [
    {file = "types_setuptools-80.9.0.20250822-py3-none-any.whl", hash = "sha256:53bf881cb9d7e46ed12c76ef76c0aaf28cfe6211d3fab12e0b83620b1a8642c3"},
    {file = "types_setuptools-80.9.0.20250822.tar.gz", hash = "sha256:070ea7716968ec67a84c7f7768d9952ff24d28b65b6594797a464f1b3066f965"},
]

[[package]]
name = "typing-extensions"
version = "4.8.0"
description = "Backported and Experimental Type Hints for Python 3.8+"
optional = false
python-versions = ">=3.8"
groups = ["dev"]
files = [
    {file = "typing_extensions-4.8.0-py3-none-any.whl", hash = "sha256:8f92fc8806f9a6b641eaa5318da32b44d401efaac0f6678c9bc448ba3605faa0"},
    {file = "typing_extensions-4.8.0.tar.gz", hash = "sha256:df8e4339e9cb77357558cbdbceca33c303714cf861d1eef15e1070055ae8b7ef"},
]

[metadata]
lock-version = "2.1"
python-versions = ">=3.11"
content-hash = "a298f98047cd8e74b3c178352993f26e747cb9ab3fbf3208a8d082e107959aed"
