# This file is automatically @generated by Poetry 2.2.1 and should not be changed by hand.

[[package]]
name = "ruff"
version = "0.14.2"
description = "An extremely fast Python linter and code formatter, written in Rust."
optional = false
python-versions = ">=3.7"
groups = ["dev"]
files = [
    {file = "ruff-0.14.2-py3-none-linux_armv6l.whl", hash = "sha256:7cbe4e593505bdec5884c2d0a4d791a90301bc23e49a6b1eb642dd85ef9c64f1"},
    {file = "ruff-0.14.2-py3-none-macosx_10_12_x86_64.whl", hash = "sha256:8d54b561729cee92f8d89c316ad7a3f9705533f5903b042399b6ae0ddfc62e11"},
    {file = "ruff-0.14.2-py3-none-macosx_11_0_arm64.whl", hash = "sha256:5c8753dfa44ebb2cde10ce5b4d2ef55a41fb9d9b16732a2c5df64620dbda44a3"},
    {file = "ruff-0.14.2-py3-none-manylinux_2_17_aarch64.manylinux2014_aarch64.whl", hash = "sha256:3d0bbeffb8d9f4fccf7b5198d566d0bad99a9cb622f1fc3467af96cb8773c9e3"},
    {file = "ruff-0.14.2-py3-none-manylinux_2_17_armv7l.manylinux2014_armv7l.whl", hash = "sha256:7047f0c5a713a401e43a88d36843d9c83a19c584e63d664474675620aaa634a8"},
    {file = "ruff-0.14.2-py3-none-manylinux_2_17_i686.manylinux2014_i686.whl", hash = "sha256:3bf8d2f9aa1602599217d82e8e0af7fd33e5878c4d98f37906b7c93f46f9a839"},
    {file = "ruff-0.14.2-py3-none-manylinux_2_17_ppc64.manylinux2014_ppc64.whl", hash = "sha256:1c505b389e19c57a317cf4b42db824e2fca96ffb3d86766c1c9f8b96d32048a7"},
    {file = "ruff-0.14.2-py3-none-manylinux_2_17_ppc64le.manylinux2014_ppc64le.whl", hash = "sha256:a307fc45ebd887b3f26b36d9326bb70bf69b01561950cdcc6c0bdf7bb8e0f7cc"},
    {file = "ruff-0.14.2-py3-none-manylinux_2_17_s390x.manylinux2014_s390x.whl", hash = "sha256:61ae91a32c853172f832c2f40bd05fd69f491db7289fb85a9b941ebdd549781a"},
    {file = "ruff-0.14.2-py3-none-manylinux_2_17_x86_64.manylinux2014_x86_64.whl", hash = "sha256:bc1967e40286f63ee23c615e8e7e98098dedc7301568bd88991f6e544d8ae096"},
    {file = "ruff-0.14.2-py3-none-manylinux_2_31_riscv64.whl", hash = "sha256:2877f02119cdebf52a632d743a2e302dea422bfae152ebe2f193d3285a3a65df"},
    {file = "ruff-0.14.2-py3-none-musllinux_1_2_aarch64.whl", hash = "sha256:e681c5bc777de5af898decdcb6ba3321d0d466f4cb43c3e7cc2c3b4e7b843a05"},
    {file = "ruff-0.14.2-py3-none-musllinux_1_2_armv7l.whl", hash = "sha256:e21be42d72e224736f0c992cdb9959a2fa53c7e943b97ef5d081e13170e3ffc5"},
    {file = "ruff-0.14.2-py3-none-musllinux_1_2_i686.whl", hash = "sha256:b8264016f6f209fac16262882dbebf3f8be1629777cf0f37e7aff071b3e9b92e"},
    {file = "ruff-0.14.2-py3-none-musllinux_1_2_x86_64.whl", hash = "sha256:5ca36b4cb4db3067a3b24444463ceea5565ea78b95fe9a07ca7cb7fd16948770"},
    {file = "ruff-0.14.2-py3-none-win32.whl", hash = "sha256:41775927d287685e08f48d8eb3f765625ab0b7042cc9377e20e64f4eb0056ee9"},
    {file = "ruff-0.14.2-py3-none-win_amd64.whl", hash = "sha256:0df3424aa5c3c08b34ed8ce099df1021e3adaca6e90229273496b839e5a7e1af"},
    {file = "ruff-0.14.2-py3-none-win_arm64.whl", hash = "sha256:ea9d635e83ba21569fbacda7e78afbfeb94911c9434aff06192d9bc23fd5495a"},
    {file = "ruff-0.14.2.tar.gz", hash = "sha256:98da787668f239313d9c902ca7c523fe11b8ec3f39345553a51b25abc4629c96"},
]

[[package]]
name = "shellcheck-py"
version = "0.11.0.1"
description = "Python wrapper around invoking shellcheck (https://www.shellcheck.net/)"
optional = false
python-versions = ">=3.9"
groups = ["dev"]
files = [
    {file = "shellcheck_py-0.11.0.1-py2.py3-none-macosx_10_9_x86_64.whl", hash = "sha256:b6a3fee28efda2e16e38d6e6d59faf7224300256456639727370d404730849e8"},
    {file = "shellcheck_py-0.11.0.1-py2.py3-none-macosx_11_0_arm64.whl", hash = "sha256:6b88d0a244c82ed07e06a53e444da841f69330ca59ae15d4a66c391655dae7a0"},
    {file = "shellcheck_py-0.11.0.1-py2.py3-none-manylinux1_x86_64.manylinux2014_x86_64.manylinux_2_17_x86_64.manylinux_2_5_x86_64.whl", hash = "sha256:1b274df81de5b000ff78db433e7328b87e52e3c38481c60f8e488c3095beef05"},
    {file = "shellcheck_py-0.11.0.1-py2.py3-none-win_amd64.whl", hash = "sha256:784156289ecb17e91c692cd783ab5152333309588cabb10032a047331c63e759"},
    {file = "shellcheck_py-0.11.0.1.tar.gz", hash = "sha256:5c620c88901e8f1d3be5934b31ea99e3310065e1245253741eafd0a275c8c9cc"},
]

[[package]]
name = "zizmor"
version = "1.13.0"
description = ""
optional = false
python-versions = ">=3.9"
groups = ["dev"]
files = [
    {file = "zizmor-1.13.0-py3-none-macosx_10_12_x86_64.whl", hash = "sha256:10d9f0ffb6014b7a4034cd9c0fc10b2201dfb704e0a7e758487717d31c9e190c"},
    {file = "zizmor-1.13.0-py3-none-macosx_11_0_arm64.whl", hash = "sha256:2ff96405b16fc4223d5f7c9116b80f22e8fe9301d6592b42cfca939d533afa92"},
    {file = "zizmor-1.13.0-py3-none-manylinux_2_24_aarch64.whl", hash = "sha256:ee4657462688921d064ac6a91ba2c219ca5e435e53b0ab48a2f098063bb70f4f"},
    {file = "zizmor-1.13.0-py3-none-manylinux_2_28_armv7l.whl", hash = "sha256:6640dd7dd68a83b366898864ae2eec57d44a17833c3648400d0833ff42a9d75b"},
    {file = "zizmor-1.13.0-py3-none-manylinux_2_28_x86_64.whl", hash = "sha256:3f76a58fff7bfb2342cc6ccb8469c3dbd25594a7cf272702bf1a04dec4e75135"},
    {file = "zizmor-1.13.0-py3-none-musllinux_1_2_aarch64.whl", hash = "sha256:31bdafb8c7e2cbf0ee31d49c3199236873f79da093fc675a1689d978f058d04f"},
    {file = "zizmor-1.13.0-py3-none-musllinux_1_2_armv7l.whl", hash = "sha256:ead0411f653d81d70a6aa190fd4ef3631056bd7257b605528467629dfb852f69"},
    {file = "zizmor-1.13.0-py3-none-musllinux_1_2_x86_64.whl", hash = "sha256:79a3c2f2d3258f8c1bdf8fd45d3cdca5e1283d0b4fdfefa2ab29598e29d2209a"},
    {file = "zizmor-1.13.0-py3-none-win32.whl", hash = "sha256:31a2451528ed52adc106a77b402cfcb47fae4828a6077b32d0901c24fd6edf1e"},
    {file = "zizmor-1.13.0-py3-none-win_amd64.whl", hash = "sha256:d9e96d3d216ef7fbfa38bce9a0395cdf68c3bc6d21cb15dd1a422e8383fe9345"},
    {file = "zizmor-1.13.0.tar.gz", hash = "sha256:5cb7d453f2c66ba5b8380ce4168eb5a3985ae28551a4ec10748b046720b79d7b"},
]

[metadata]
lock-version = "2.1"
python-versions = ">=3.11"
content-hash = "d2cc172f244667691bf9fafb8752cc087a387d83bc09a070b5bd5b6456ea018d"
