# This file is automatically @generated by Poetry 2.2.0 and should not be changed by hand.

[[package]]
name = "ruff"
version = "0.13.2"
description = "An extremely fast Python linter and code formatter, written in Rust."
optional = false
python-versions = ">=3.7"
groups = ["dev"]
files = [
    {file = "ruff-0.13.2-py3-none-linux_armv6l.whl", hash = "sha256:3796345842b55f033a78285e4f1641078f902020d8450cade03aad01bffd81c3"},
    {file = "ruff-0.13.2-py3-none-macosx_10_12_x86_64.whl", hash = "sha256:ff7e4dda12e683e9709ac89e2dd436abf31a4d8a8fc3d89656231ed808e231d2"},
    {file = "ruff-0.13.2-py3-none-macosx_11_0_arm64.whl", hash = "sha256:c75e9d2a2fafd1fdd895d0e7e24b44355984affdde1c412a6f6d3f6e16b22d46"},
    {file = "ruff-0.13.2-py3-none-manylinux_2_17_aarch64.manylinux2014_aarch64.whl", hash = "sha256:cceac74e7bbc53ed7d15d1042ffe7b6577bf294611ad90393bf9b2a0f0ec7cb6"},
    {file = "ruff-0.13.2-py3-none-manylinux_2_17_armv7l.manylinux2014_armv7l.whl", hash = "sha256:6ae3f469b5465ba6d9721383ae9d49310c19b452a161b57507764d7ef15f4b07"},
    {file = "ruff-0.13.2-py3-none-manylinux_2_17_i686.manylinux2014_i686.whl", hash = "sha256:4f8f9e3cd6714358238cd6626b9d43026ed19c0c018376ac1ef3c3a04ffb42d8"},
    {file = "ruff-0.13.2-py3-none-manylinux_2_17_ppc64.manylinux2014_ppc64.whl", hash = "sha256:c6ed79584a8f6cbe2e5d7dbacf7cc1ee29cbdb5df1172e77fbdadc8bb85a1f89"},
    {file = "ruff-0.13.2-py3-none-manylinux_2_17_ppc64le.manylinux2014_ppc64le.whl", hash = "sha256:aed130b2fde049cea2019f55deb939103123cdd191105f97a0599a3e753d61b0"},
    {file = "ruff-0.13.2-py3-none-manylinux_2_17_s390x.manylinux2014_s390x.whl", hash = "sha256:1887c230c2c9d65ed1b4e4cfe4d255577ea28b718ae226c348ae68df958191aa"},
    {file = "ruff-0.13.2-py3-none-manylinux_2_17_x86_64.manylinux2014_x86_64.whl", hash = "sha256:5bcb10276b69b3cfea3a102ca119ffe5c6ba3901e20e60cf9efb53fa417633c3"},
    {file = "ruff-0.13.2-py3-none-manylinux_2_31_riscv64.whl", hash = "sha256:afa721017aa55a555b2ff7944816587f1cb813c2c0a882d158f59b832da1660d"},
    {file = "ruff-0.13.2-py3-none-musllinux_1_2_aarch64.whl", hash = "sha256:1dbc875cf3720c64b3990fef8939334e74cb0ca65b8dbc61d1f439201a38101b"},
    {file = "ruff-0.13.2-py3-none-musllinux_1_2_armv7l.whl", hash = "sha256:5b939a1b2a960e9742e9a347e5bbc9b3c3d2c716f86c6ae273d9cbd64f193f22"},
    {file = "ruff-0.13.2-py3-none-musllinux_1_2_i686.whl", hash = "sha256:50e2d52acb8de3804fc5f6e2fa3ae9bdc6812410a9e46837e673ad1f90a18736"},
    {file = "ruff-0.13.2-py3-none-musllinux_1_2_x86_64.whl", hash = "sha256:3196bc13ab2110c176b9a4ae5ff7ab676faaa1964b330a1383ba20e1e19645f2"},
    {file = "ruff-0.13.2-py3-none-win32.whl", hash = "sha256:7c2a0b7c1e87795fec3404a485096bcd790216c7c146a922d121d8b9c8f1aaac"},
    {file = "ruff-0.13.2-py3-none-win_amd64.whl", hash = "sha256:17d95fb32218357c89355f6f6f9a804133e404fc1f65694372e02a557edf8585"},
    {file = "ruff-0.13.2-py3-none-win_arm64.whl", hash = "sha256:da711b14c530412c827219312b7d7fbb4877fb31150083add7e8c5336549cea7"},
    {file = "ruff-0.13.2.tar.gz", hash = "sha256:cb12fffd32fb16d32cef4ed16d8c7cdc27ed7c944eaa98d99d01ab7ab0b710ff"},
]

[[package]]
name = "shellcheck-py"
version = "0.11.0.1"
description = "Python wrapper around invoking shellcheck (https://www.shellcheck.net/)"
optional = false
python-versions = ">=3.9"
groups = ["dev"]
files = [
    {file = "shellcheck_py-0.11.0.1-py2.py3-none-macosx_10_9_x86_64.whl", hash = "sha256:b6a3fee28efda2e16e38d6e6d59faf7224300256456639727370d404730849e8"},
    {file = "shellcheck_py-0.11.0.1-py2.py3-none-macosx_11_0_arm64.whl", hash = "sha256:6b88d0a244c82ed07e06a53e444da841f69330ca59ae15d4a66c391655dae7a0"},
    {file = "shellcheck_py-0.11.0.1-py2.py3-none-manylinux1_x86_64.manylinux2014_x86_64.manylinux_2_17_x86_64.manylinux_2_5_x86_64.whl", hash = "sha256:1b274df81de5b000ff78db433e7328b87e52e3c38481c60f8e488c3095beef05"},
    {file = "shellcheck_py-0.11.0.1-py2.py3-none-win_amd64.whl", hash = "sha256:784156289ecb17e91c692cd783ab5152333309588cabb10032a047331c63e759"},
    {file = "shellcheck_py-0.11.0.1.tar.gz", hash = "sha256:5c620c88901e8f1d3be5934b31ea99e3310065e1245253741eafd0a275c8c9cc"},
]

[[package]]
name = "zizmor"
version = "1.13.0"
description = ""
optional = false
python-versions = ">=3.9"
groups = ["dev"]
files = [
    {file = "zizmor-1.13.0-py3-none-macosx_10_12_x86_64.whl", hash = "sha256:10d9f0ffb6014b7a4034cd9c0fc10b2201dfb704e0a7e758487717d31c9e190c"},
    {file = "zizmor-1.13.0-py3-none-macosx_11_0_arm64.whl", hash = "sha256:2ff96405b16fc4223d5f7c9116b80f22e8fe9301d6592b42cfca939d533afa92"},
    {file = "zizmor-1.13.0-py3-none-manylinux_2_24_aarch64.whl", hash = "sha256:ee4657462688921d064ac6a91ba2c219ca5e435e53b0ab48a2f098063bb70f4f"},
    {file = "zizmor-1.13.0-py3-none-manylinux_2_28_armv7l.whl", hash = "sha256:6640dd7dd68a83b366898864ae2eec57d44a17833c3648400d0833ff42a9d75b"},
    {file = "zizmor-1.13.0-py3-none-manylinux_2_28_x86_64.whl", hash = "sha256:3f76a58fff7bfb2342cc6ccb8469c3dbd25594a7cf272702bf1a04dec4e75135"},
    {file = "zizmor-1.13.0-py3-none-musllinux_1_2_aarch64.whl", hash = "sha256:31bdafb8c7e2cbf0ee31d49c3199236873f79da093fc675a1689d978f058d04f"},
    {file = "zizmor-1.13.0-py3-none-musllinux_1_2_armv7l.whl", hash = "sha256:ead0411f653d81d70a6aa190fd4ef3631056bd7257b605528467629dfb852f69"},
    {file = "zizmor-1.13.0-py3-none-musllinux_1_2_x86_64.whl", hash = "sha256:79a3c2f2d3258f8c1bdf8fd45d3cdca5e1283d0b4fdfefa2ab29598e29d2209a"},
    {file = "zizmor-1.13.0-py3-none-win32.whl", hash = "sha256:31a2451528ed52adc106a77b402cfcb47fae4828a6077b32d0901c24fd6edf1e"},
    {file = "zizmor-1.13.0-py3-none-win_amd64.whl", hash = "sha256:d9e96d3d216ef7fbfa38bce9a0395cdf68c3bc6d21cb15dd1a422e8383fe9345"},
    {file = "zizmor-1.13.0.tar.gz", hash = "sha256:5cb7d453f2c66ba5b8380ce4168eb5a3985ae28551a4ec10748b046720b79d7b"},
]

[metadata]
lock-version = "2.1"
python-versions = ">=3.11"
content-hash = "066c78d25f7cd8eacd7cc18d3cebf04c022ab04a3d06e5eb496de52472ae05ee"
