# This file is automatically @generated by Poetry 2.2.1 and should not be changed by hand.

[[package]]
name = "ruff"
version = "0.9.7"
description = "An extremely fast Python linter and code formatter, written in Rust."
optional = false
python-versions = ">=3.7"
groups = ["dev"]
files = [
    {file = "ruff-0.9.7-py3-none-linux_armv6l.whl", hash = "sha256:99d50def47305fe6f233eb8dabfd60047578ca87c9dcb235c9723ab1175180f4"},
    {file = "ruff-0.9.7-py3-none-macosx_10_12_x86_64.whl", hash = "sha256:d59105ae9c44152c3d40a9c40d6331a7acd1cdf5ef404fbe31178a77b174ea66"},
    {file = "ruff-0.9.7-py3-none-macosx_11_0_arm64.whl", hash = "sha256:f313b5800483770bd540cddac7c90fc46f895f427b7820f18fe1822697f1fec9"},
    {file = "ruff-0.9.7-py3-none-manylinux_2_17_aarch64.manylinux2014_aarch64.whl", hash = "sha256:042ae32b41343888f59c0a4148f103208bf6b21c90118d51dc93a68366f4e903"},
    {file = "ruff-0.9.7-py3-none-manylinux_2_17_armv7l.manylinux2014_armv7l.whl", hash = "sha256:87862589373b33cc484b10831004e5e5ec47dc10d2b41ba770e837d4f429d721"},
    {file = "ruff-0.9.7-py3-none-manylinux_2_17_i686.manylinux2014_i686.whl", hash = "sha256:a17e1e01bee0926d351a1ee9bc15c445beae888f90069a6192a07a84af544b6b"},
    {file = "ruff-0.9.7-py3-none-manylinux_2_17_ppc64.manylinux2014_ppc64.whl", hash = "sha256:7c1f880ac5b2cbebd58b8ebde57069a374865c73f3bf41f05fe7a179c1c8ef22"},
    {file = "ruff-0.9.7-py3-none-manylinux_2_17_ppc64le.manylinux2014_ppc64le.whl", hash = "sha256:e63fc20143c291cab2841dbb8260e96bafbe1ba13fd3d60d28be2c71e312da49"},
    {file = "ruff-0.9.7-py3-none-manylinux_2_17_s390x.manylinux2014_s390x.whl", hash = "sha256:91ff963baed3e9a6a4eba2a02f4ca8eaa6eba1cc0521aec0987da8d62f53cbef"},
    {file = "ruff-0.9.7-py3-none-manylinux_2_17_x86_64.manylinux2014_x86_64.whl", hash = "sha256:88362e3227c82f63eaebf0b2eff5b88990280fb1ecf7105523883ba8c3aaf6fb"},
    {file = "ruff-0.9.7-py3-none-musllinux_1_2_aarch64.whl", hash = "sha256:0372c5a90349f00212270421fe91874b866fd3626eb3b397ede06cd385f6f7e0"},
    {file = "ruff-0.9.7-py3-none-musllinux_1_2_armv7l.whl", hash = "sha256:d76b8ab60e99e6424cd9d3d923274a1324aefce04f8ea537136b8398bbae0a62"},
    {file = "ruff-0.9.7-py3-none-musllinux_1_2_i686.whl", hash = "sha256:0c439bdfc8983e1336577f00e09a4e7a78944fe01e4ea7fe616d00c3ec69a3d0"},
    {file = "ruff-0.9.7-py3-none-musllinux_1_2_x86_64.whl", hash = "sha256:115d1f15e8fdd445a7b4dc9a30abae22de3f6bcabeb503964904471691ef7606"},
    {file = "ruff-0.9.7-py3-none-win32.whl", hash = "sha256:e9ece95b7de5923cbf38893f066ed2872be2f2f477ba94f826c8defdd6ec6b7d"},
    {file = "ruff-0.9.7-py3-none-win_amd64.whl", hash = "sha256:3770fe52b9d691a15f0b87ada29c45324b2ace8f01200fb0c14845e499eb0c2c"},
    {file = "ruff-0.9.7-py3-none-win_arm64.whl", hash = "sha256:b075a700b2533feb7a01130ff656a4ec0d5f340bb540ad98759b8401c32c2037"},
    {file = "ruff-0.9.7.tar.gz", hash = "sha256:643757633417907510157b206e490c3aa11cab0c087c912f60e07fbafa87a4c6"},
]

[[package]]
name = "shellcheck-py"
version = "0.11.0.1"
description = "Python wrapper around invoking shellcheck (https://www.shellcheck.net/)"
optional = false
python-versions = ">=3.9"
groups = ["dev"]
files = [
    {file = "shellcheck_py-0.11.0.1-py2.py3-none-macosx_10_9_x86_64.whl", hash = "sha256:b6a3fee28efda2e16e38d6e6d59faf7224300256456639727370d404730849e8"},
    {file = "shellcheck_py-0.11.0.1-py2.py3-none-macosx_11_0_arm64.whl", hash = "sha256:6b88d0a244c82ed07e06a53e444da841f69330ca59ae15d4a66c391655dae7a0"},
    {file = "shellcheck_py-0.11.0.1-py2.py3-none-manylinux1_x86_64.manylinux2014_x86_64.manylinux_2_17_x86_64.manylinux_2_5_x86_64.whl", hash = "sha256:1b274df81de5b000ff78db433e7328b87e52e3c38481c60f8e488c3095beef05"},
    {file = "shellcheck_py-0.11.0.1-py2.py3-none-win_amd64.whl", hash = "sha256:784156289ecb17e91c692cd783ab5152333309588cabb10032a047331c63e759"},
    {file = "shellcheck_py-0.11.0.1.tar.gz", hash = "sha256:5c620c88901e8f1d3be5934b31ea99e3310065e1245253741eafd0a275c8c9cc"},
]

[[package]]
name = "zizmor"
version = "1.15.2"
description = ""
optional = false
python-versions = ">=3.9"
groups = ["dev"]
files = [
    {file = "zizmor-1.15.2-py3-none-macosx_10_12_x86_64.whl", hash = "sha256:6ecdf45aa1bf2b99cfa9a8a5641fb05c89a98ab38648a4ddd248c94f03a6673f"},
    {file = "zizmor-1.15.2-py3-none-macosx_11_0_arm64.whl", hash = "sha256:3eaa500fefccbcd45c21038d879a662944e453b71de7ab6f3fb4c55be35f1a27"},
    {file = "zizmor-1.15.2-py3-none-manylinux_2_24_aarch64.whl", hash = "sha256:015cbb03138b7a8be85287f98957afa2b7c014019242c33c23d6984e2bb1b3fa"},
    {file = "zizmor-1.15.2-py3-none-manylinux_2_28_armv7l.whl", hash = "sha256:e41eff0c812de71102599e17369f02bf8d76884371509f11a414d889ce3e1f55"},
    {file = "zizmor-1.15.2-py3-none-manylinux_2_28_x86_64.whl", hash = "sha256:d7ae84ca07a05939deccfcc4ae4ea10ccf6800d752263b49bbbfd90f3f6acc37"},
    {file = "zizmor-1.15.2-py3-none-musllinux_1_2_aarch64.whl", hash = "sha256:44aca6641be4f28a819160db08d81fdf307a168e583b881fddfbb27396397c12"},
    {file = "zizmor-1.15.2-py3-none-musllinux_1_2_armv7l.whl", hash = "sha256:f5655b757ebc3987b2d4b4f7412ba0163b8fcbec97737b0fb272bcd86d2d18b2"},
    {file = "zizmor-1.15.2-py3-none-musllinux_1_2_x86_64.whl", hash = "sha256:258d5b7731b17f2d4aef9c27aebeb21b5910c66ea57224365c6e0f0c9299e86e"},
    {file = "zizmor-1.15.2-py3-none-win32.whl", hash = "sha256:75562fc3717e1b05be0afaf750a0a775788e3679926377d3a569130e92d5f948"},
    {file = "zizmor-1.15.2-py3-none-win_amd64.whl", hash = "sha256:8341528d2c1a39e857aa484dd4899c5fa6ccde155c14a0db15210ebbfc31ed54"},
    {file = "zizmor-1.15.2.tar.gz", hash = "sha256:02e295d8a97fef0bd1c1b1438eb5b7ba6cdcf71894e45ee2e14269579cc11fa2"},
]

[metadata]
lock-version = "2.1"
python-versions = ">=3.11"
content-hash = "f58e8931368ae95d7335ee4a50cb3011680c448ef1ba96ec0343afa688ea81fa"
