
# cargo-vet imports lock

[[publisher.core-foundation-sys]]
version = "0.8.4"
when = "2023-04-03"
user-id = 5946
user-login = "jrmuizel"
user-name = "Jeff Muizelaar"

[[publisher.encoding_rs]]
version = "0.8.33"
when = "2023-08-23"
user-id = 4484
user-login = "hsivonen"
user-name = "Henri Sivonen"

[[publisher.flate2]]
version = "1.0.28"
when = "2023-10-13"
user-id = 980
user-login = "Byron"
user-name = "Sebastian Thiel"

[[publisher.futures-io]]
version = "0.3.30"
when = "2023-12-24"
user-id = 33035
user-login = "taiki-e"
user-name = "Taiki Endo"

[[publisher.futures-macro]]
version = "0.3.30"
when = "2023-12-24"
user-id = 33035
user-login = "taiki-e"
user-name = "Taiki Endo"

[[publisher.futures-sink]]
version = "0.3.30"
when = "2023-12-24"
user-id = 33035
user-login = "taiki-e"
user-name = "Taiki Endo"

[[publisher.indexmap]]
version = "2.2.3"
when = "2024-02-11"
user-id = 539
user-login = "cuviper"
user-name = "Josh Stone"

[[publisher.libc]]
version = "0.2.153"
when = "2024-01-31"
user-id = 51017
user-login = "JohnTitor"
user-name = "Yuki Okushi"

[[publisher.linux-raw-sys]]
version = "0.4.13"
when = "2024-01-16"
user-id = 6825
user-login = "sunfishcode"
user-name = "Dan Gohman"

[[publisher.openssl]]
version = "0.10.63"
when = "2024-01-20"
user-id = 163
user-login = "alex"
user-name = "Alex Gaynor"

[[publisher.openssl-sys]]
version = "0.9.99"
when = "2024-01-20"
user-id = 163
user-login = "alex"
user-name = "Alex Gaynor"

[[publisher.proc-macro2]]
version = "1.0.78"
when = "2024-01-21"
user-id = 3618
user-login = "dtolnay"
user-name = "David Tolnay"

[[publisher.rustix]]
version = "0.38.31"
when = "2024-02-01"
user-id = 6825
user-login = "sunfishcode"
user-name = "Dan Gohman"

[[publisher.ryu]]
version = "1.0.16"
when = "2023-12-09"
user-id = 3618
user-login = "dtolnay"
user-name = "David Tolnay"

[[publisher.serde]]
version = "1.0.196"
when = "2024-01-26"
user-id = 3618
user-login = "dtolnay"
user-name = "David Tolnay"

[[publisher.serde_derive]]
version = "1.0.196"
when = "2024-01-26"
user-id = 3618
user-login = "dtolnay"
user-name = "David Tolnay"

[[publisher.serde_json]]
version = "1.0.113"
when = "2024-01-29"
user-id = 3618
user-login = "dtolnay"
user-name = "David Tolnay"

[[publisher.syn]]
version = "2.0.48"
when = "2024-01-04"
user-id = 3618
user-login = "dtolnay"
user-name = "David Tolnay"

[[publisher.tokio-macros]]
version = "2.2.0"
when = "2023-11-09"
user-id = 10
user-login = "carllerche"
user-name = "Carl Lerche"

[[publisher.wasm-bindgen-futures]]
version = "0.4.41"
when = "2024-02-06"
user-id = 1
user-login = "alexcrichton"
user-name = "Alex Crichton"

[[audits.bytecode-alliance.audits.addr2line]]
who = "Alex Crichton <alex@alexcrichton.com>"
criteria = "safe-to-deploy"
delta = "0.19.0 -> 0.20.0"
notes = "This version brings support for split-dwarf which while it uses the filesystem is always done at the behest of the caller, so everything is as expected for this update."

[[audits.bytecode-alliance.audits.addr2line]]
who = "Alex Crichton <alex@alexcrichton.com>"
criteria = "safe-to-deploy"
delta = "0.20.0 -> 0.21.0"
notes = "This version bump updated some dependencies and optimized some internals. All looks good."

[[audits.bytecode-alliance.audits.adler]]
who = "Alex Crichton <alex@alexcrichton.com>"
criteria = "safe-to-deploy"
version = "1.0.2"
notes = "This is a small crate which forbids unsafe code and is a straightforward implementation of the adler hashing algorithm."

[[audits.bytecode-alliance.audits.anyhow]]
who = "Pat Hickey <phickey@fastly.com>"
criteria = "safe-to-deploy"
delta = "1.0.69 -> 1.0.71"

[[audits.bytecode-alliance.audits.base64]]
who = "Pat Hickey <phickey@fastly.com>"
criteria = "safe-to-deploy"
version = "0.21.0"
notes = "This crate has no dependencies, no build.rs, and contains no unsafe code."

[[audits.bytecode-alliance.audits.cc]]
who = "Alex Crichton <alex@alexcrichton.com>"
criteria = "safe-to-deploy"
version = "1.0.73"
notes = "I am the author of this crate."

[[audits.bytecode-alliance.audits.cfg-if]]
who = "Alex Crichton <alex@alexcrichton.com>"
criteria = "safe-to-deploy"
version = "1.0.0"
notes = "I am the author of this crate."

[[audits.bytecode-alliance.audits.core-foundation-sys]]
who = "Dan Gohman <dev@sunfishcode.online>"
criteria = "safe-to-deploy"
delta = "0.8.4 -> 0.8.6"
notes = """
The changes here are all typical bindings updates: new functions, types, and
constants. I have not audited all the bindings for ABI conformance.
"""

[[audits.bytecode-alliance.audits.fastrand]]
who = "Alex Crichton <alex@alexcrichton.com>"
criteria = "safe-to-deploy"
delta = "2.0.0 -> 2.0.1"
notes = """
This update had a few doc updates but no otherwise-substantial source code
updates.
"""

[[audits.bytecode-alliance.audits.foreign-types]]
who = "Pat Hickey <phickey@fastly.com>"
criteria = "safe-to-deploy"
version = "0.3.2"
notes = "This crate defined a macro-rules which creates wrappers working with FFI types. The implementation of this crate appears to be safe, but each use of this macro would need to be vetted for correctness as well."

[[audits.bytecode-alliance.audits.foreign-types-shared]]
who = "Pat Hickey <phickey@fastly.com>"
criteria = "safe-to-deploy"
version = "0.1.1"

[[audits.bytecode-alliance.audits.gimli]]
who = "Alex Crichton <alex@alexcrichton.com>"
criteria = "safe-to-deploy"
delta = "0.27.3 -> 0.28.0"
notes = """
Still looks like a good DWARF-parsing crate, nothing major was added or deleted
and no `unsafe` code to review here.
"""

[[audits.bytecode-alliance.audits.http]]
who = "Alex Crichton <alex@alexcrichton.com>"
criteria = "safe-to-deploy"
delta = "0.2.9 -> 1.0.0"
notes = "Minor changes leading up to the 1.0.0 release and nothing fundamentally new here."

[[audits.bytecode-alliance.audits.idna]]
who = "Alex Crichton <alex@alexcrichton.com>"
criteria = "safe-to-deploy"
version = "0.3.0"
notes = """
This is a crate without unsafe code or usage of the standard library. The large
size of this crate comes from the large generated unicode tables file. This
crate is broadly used throughout the ecosystem and does not contain anything
suspicious.
"""

[[audits.bytecode-alliance.audits.miniz_oxide]]
who = "Alex Crichton <alex@alexcrichton.com>"
criteria = "safe-to-deploy"
version = "0.7.1"
notes = """
This crate is a Rust implementation of zlib compression/decompression and has
been used by default by the Rust standard library for quite some time. It's also
a default dependency of the popular `backtrace` crate for decompressing debug
information. This crate forbids unsafe code and does not otherwise access system
resources. It's originally a port of the `miniz.c` library as well, and given
its own longevity should be relatively hardened against some of the more common
compression-related issues.
"""

[[audits.bytecode-alliance.audits.native-tls]]
who = "Pat Hickey <phickey@fastly.com>"
criteria = "safe-to-deploy"
version = "0.2.11"
notes = "build is only looking for environment variables to set cfg. only two minor uses of unsafe,on macos, with ffi bindings to digest primitives and libc atexit. otherwise, this is an abstraction over three very complex systems (schannel, security-framework, and openssl) which may end up having subtle differences, but none of those are apparent from the implementation of this crate"

[[audits.bytecode-alliance.audits.openssl-macros]]
who = "Pat Hickey <phickey@fastly.com>"
criteria = "safe-to-deploy"
version = "0.1.0"

[[audits.bytecode-alliance.audits.openssl-probe]]
who = "Pat Hickey <phickey@fastly.com>"
criteria = "safe-to-deploy"
version = "0.1.5"
notes = "IO is only checking for the existence of paths in the filesystem"

[[audits.bytecode-alliance.audits.percent-encoding]]
who = "Alex Crichton <alex@alexcrichton.com>"
criteria = "safe-to-deploy"
version = "2.2.0"
notes = """
This crate is a single-file crate that does what it says on the tin. There are
a few `unsafe` blocks related to utf-8 validation which are locally verifiable
as correct and otherwise this crate is good to go.
"""

[[audits.bytecode-alliance.audits.pin-utils]]
who = "Pat Hickey <phickey@fastly.com>"
criteria = "safe-to-deploy"
version = "0.1.0"

[[audits.bytecode-alliance.audits.pkg-config]]
who = "Alex Crichton <alex@alexcrichton.com>"
criteria = "safe-to-deploy"
delta = "0.3.26 -> 0.3.29"
notes = """
No `unsafe` additions or anything outside of the purview of the crate in this
change.
"""

[[audits.bytecode-alliance.audits.rustc-demangle]]
who = "Alex Crichton <alex@alexcrichton.com>"
criteria = "safe-to-deploy"
version = "0.1.21"
notes = "I am the author of this crate."

[[audits.bytecode-alliance.audits.tempfile]]
who = "Alex Crichton <alex@alexcrichton.com>"
criteria = "safe-to-deploy"
delta = "3.5.0 -> 3.6.0"
notes = "Dependency updates and new optimized trait implementations, but otherwise everything looks normal."

[[audits.bytecode-alliance.audits.tinyvec]]
who = "Alex Crichton <alex@alexcrichton.com>"
criteria = "safe-to-deploy"
version = "1.6.0"
notes = """
This crate, while it implements collections, does so without `std::*` APIs and
without `unsafe`. Skimming the crate everything looks reasonable and what one
would expect from idiomatic safe collections in Rust.
"""

[[audits.bytecode-alliance.audits.tinyvec_macros]]
who = "Alex Crichton <alex@alexcrichton.com>"
criteria = "safe-to-deploy"
version = "0.1.0"
notes = """
This is a trivial crate which only contains a singular macro definition which is
intended to multiplex across the internal representation of a tinyvec,
presumably. This trivially doesn't contain anything bad.
"""

[[audits.bytecode-alliance.audits.tokio-native-tls]]
who = "Pat Hickey <phickey@fastly.com>"
criteria = "safe-to-deploy"
version = "0.3.1"
notes = "unsafety is used for smuggling std::task::Context as a raw pointer. Lifetime and type safety appears to be taken care of correctly."

[[audits.bytecode-alliance.audits.try-lock]]
who = "Pat Hickey <phickey@fastly.com>"
criteria = "safe-to-deploy"
version = "0.2.4"
notes = "Implements a concurrency primitive with atomics, and is not obviously incorrect"

[[audits.bytecode-alliance.audits.unicode-bidi]]
who = "Alex Crichton <alex@alexcrichton.com>"
criteria = "safe-to-deploy"
version = "0.3.8"
notes = """
This crate has no unsafe code and does not use `std::*`. Skimming the crate it
does not attempt to out of the bounds of what it's already supposed to be doing.
"""

[[audits.bytecode-alliance.audits.unicode-ident]]
who = "Pat Hickey <phickey@fastly.com>"
criteria = "safe-to-deploy"
version = "1.0.8"

[[audits.bytecode-alliance.audits.vcpkg]]
who = "Pat Hickey <phickey@fastly.com>"
criteria = "safe-to-deploy"
version = "0.2.15"
notes = "no build.rs, no macros, no unsafe. It reads the filesystem and makes copies of DLLs into OUT_DIR."

[[audits.bytecode-alliance.audits.want]]
who = "Pat Hickey <phickey@fastly.com>"
criteria = "safe-to-deploy"
version = "0.3.0"

[[audits.google.audits.addr2line]]
who = "George Burgess IV <gbiv@google.com>"
criteria = "safe-to-run"
version = "0.19.0"
aggregated-from = "https://chromium.googlesource.com/chromiumos/third_party/rust_crates/+/refs/heads/main/cargo-vet/audits.toml?format=TEXT"

[[audits.google.audits.anyhow]]
who = "ChromeOS"
criteria = "safe-to-run"
version = "1.0.68"
aggregated-from = "https://chromium.googlesource.com/chromiumos/third_party/rust_crates/+/refs/heads/main/cargo-vet/audits.toml?format=TEXT"

[[audits.google.audits.backtrace]]
who = "George Burgess IV <gbiv@google.com>"
criteria = "safe-to-run"
version = "0.3.67"
aggregated-from = "https://chromium.googlesource.com/chromiumos/third_party/rust_crates/+/refs/heads/main/cargo-vet/audits.toml?format=TEXT"

[[audits.google.audits.bitflags]]
who = "Lukasz Anforowicz <lukasza@chromium.org>"
criteria = "safe-to-deploy"
version = "2.4.2"
notes = """
Audit notes:

* I've checked for any discussion in Google-internal cl/546819168 (where audit
  of version 2.3.3 happened)
* `src/lib.rs` contains `#![cfg_attr(not(test), forbid(unsafe_code))]`
* There are 2 cases of `unsafe` in `src/external.rs` but they seem to be
  correct in a straightforward way - they just propagate the marker trait's
  impl (e.g. `impl bytemuck::Pod`) from the inner to the outer type
* Additional discussion and/or notes may be found in https://crrev.com/c/5238056
"""
aggregated-from = "https://chromium.googlesource.com/chromium/src/+/main/third_party/rust/chromium_crates_io/supply-chain/audits.toml?format=TEXT"

[[audits.google.audits.bytes]]
who = "George Burgess IV <gbiv@google.com>"
criteria = "safe-to-run"
version = "1.4.0"
aggregated-from = "https://chromium.googlesource.com/chromiumos/third_party/rust_crates/+/refs/heads/main/cargo-vet/audits.toml?format=TEXT"

[[audits.google.audits.equivalent]]
who = "George Burgess IV <gbiv@google.com>"
criteria = "safe-to-deploy"
version = "1.0.1"
aggregated-from = "https://chromium.googlesource.com/chromiumos/third_party/rust_crates/+/refs/heads/main/cargo-vet/audits.toml?format=TEXT"

[[audits.google.audits.errno]]
who = "George Burgess IV <gbiv@google.com>"
criteria = "safe-to-run"
version = "0.2.8"
aggregated-from = "https://chromium.googlesource.com/chromiumos/third_party/rust_crates/+/refs/heads/main/cargo-vet/audits.toml?format=TEXT"

[[audits.google.audits.errno]]
who = "George Burgess IV <gbiv@google.com>"
criteria = "safe-to-run"
delta = "0.2.8 -> 0.3.1"
aggregated-from = "https://chromium.googlesource.com/chromiumos/third_party/rust_crates/+/refs/heads/main/cargo-vet/audits.toml?format=TEXT"

[[audits.google.audits.fastrand]]
who = "George Burgess IV <gbiv@google.com>"
criteria = "safe-to-deploy"
version = "1.9.0"
notes = """
`does-not-implement-crypto` is certified because this crate explicitly says
that the RNG here is not cryptographically secure.
"""
aggregated-from = "https://chromium.googlesource.com/chromiumos/third_party/rust_crates/+/refs/heads/main/cargo-vet/audits.toml?format=TEXT"

[[audits.google.audits.futures-channel]]
who = "George Burgess IV <gbiv@google.com>"
criteria = "safe-to-run"
version = "0.3.28"
aggregated-from = "https://chromium.googlesource.com/chromiumos/third_party/rust_crates/+/refs/heads/main/cargo-vet/audits.toml?format=TEXT"

[[audits.google.audits.futures-core]]
who = "George Burgess IV <gbiv@google.com>"
criteria = "safe-to-run"
version = "0.3.28"
aggregated-from = "https://chromium.googlesource.com/chromiumos/third_party/rust_crates/+/refs/heads/main/cargo-vet/audits.toml?format=TEXT"

[[audits.google.audits.futures-task]]
who = "George Burgess IV <gbiv@google.com>"
criteria = "safe-to-run"
version = "0.3.28"
aggregated-from = "https://chromium.googlesource.com/chromiumos/third_party/rust_crates/+/refs/heads/main/cargo-vet/audits.toml?format=TEXT"

[[audits.google.audits.futures-util]]
who = "George Burgess IV <gbiv@google.com>"
criteria = "safe-to-run"
version = "0.3.28"
notes = """
There's a custom xorshift-based `random::shuffle` implementation in
src/async_await/random.rs. This is `doc(hidden)` and seems to exist just so
that `futures-macro::select` can be unbiased. Sicne xorshift is explicitly not
intended to be a cryptographically secure algorithm, it is not considered
crypto.
"""
aggregated-from = "https://chromium.googlesource.com/chromiumos/third_party/rust_crates/+/refs/heads/main/cargo-vet/audits.toml?format=TEXT"

[[audits.google.audits.gimli]]
who = "George Burgess IV <gbiv@google.com>"
criteria = "safe-to-run"
version = "0.27.3"
aggregated-from = "https://chromium.googlesource.com/chromiumos/third_party/rust_crates/+/refs/heads/main/cargo-vet/audits.toml?format=TEXT"

[[audits.google.audits.h2]]
who = "George Burgess IV <gbiv@google.com>"
criteria = "safe-to-run"
version = "0.3.18"
aggregated-from = "https://chromium.googlesource.com/chromiumos/third_party/rust_crates/+/refs/heads/main/cargo-vet/audits.toml?format=TEXT"

[[audits.google.audits.h2]]
who = "George Burgess IV <gbiv@google.com>"
criteria = "safe-to-run"
delta = "0.3.18 -> 0.3.19"
aggregated-from = "https://chromium.googlesource.com/chromiumos/third_party/rust_crates/+/refs/heads/main/cargo-vet/audits.toml?format=TEXT"

[[audits.google.audits.h2]]
who = "George Burgess IV <gbiv@google.com>"
criteria = "safe-to-run"
delta = "0.3.19 -> 0.3.20"
aggregated-from = "https://chromium.googlesource.com/chromiumos/third_party/rust_crates/+/refs/heads/main/cargo-vet/audits.toml?format=TEXT"

[[audits.google.audits.h2]]
who = "George Burgess IV <gbiv@google.com>"
criteria = "safe-to-run"
delta = "0.3.20 -> 0.3.21"
aggregated-from = "https://chromium.googlesource.com/chromiumos/third_party/rust_crates/+/refs/heads/main/cargo-vet/audits.toml?format=TEXT"

[[audits.google.audits.h2]]
who = "George Burgess IV <gbiv@google.com>"
criteria = "safe-to-run"
delta = "0.3.21 -> 0.3.24"
aggregated-from = "https://chromium.googlesource.com/chromiumos/third_party/rust_crates/+/refs/heads/main/cargo-vet/audits.toml?format=TEXT"

[[audits.google.audits.hashbrown]]
who = "Nicholas Bishop <nicholasbishop@google.com>"
criteria = "safe-to-run"
version = "0.13.2"
aggregated-from = "https://chromium.googlesource.com/chromiumos/third_party/rust_crates/+/refs/heads/main/cargo-vet/audits.toml?format=TEXT"

[[audits.google.audits.hashbrown]]
who = "George Burgess IV <gbiv@google.com>"
criteria = "safe-to-run"
delta = "0.13.2 -> 0.14.3"
aggregated-from = "https://chromium.googlesource.com/chromiumos/third_party/rust_crates/+/refs/heads/main/cargo-vet/audits.toml?format=TEXT"

[[audits.google.audits.http]]
who = "George Burgess IV <gbiv@google.com>"
criteria = "safe-to-run"
version = "0.2.9"
aggregated-from = "https://chromium.googlesource.com/chromiumos/third_party/rust_crates/+/refs/heads/main/cargo-vet/audits.toml?format=TEXT"

[[audits.google.audits.http-body]]
who = "ChromeOS"
criteria = "safe-to-run"
version = "0.4.5"
aggregated-from = "https://chromium.googlesource.com/chromiumos/third_party/rust_crates/+/refs/heads/main/cargo-vet/audits.toml?format=TEXT"

[[audits.google.audits.httparse]]
who = "George Burgess IV <gbiv@google.com>"
criteria = "safe-to-run"
version = "1.8.0"
aggregated-from = "https://chromium.googlesource.com/chromiumos/third_party/rust_crates/+/refs/heads/main/cargo-vet/audits.toml?format=TEXT"

[[audits.google.audits.httpdate]]
who = "George Burgess IV <gbiv@google.com>"
criteria = "safe-to-deploy"
version = "1.0.3"
aggregated-from = "https://chromium.googlesource.com/chromiumos/third_party/rust_crates/+/refs/heads/main/cargo-vet/audits.toml?format=TEXT"

[[audits.google.audits.hyper]]
who = "George Burgess IV <gbiv@google.com>"
criteria = "safe-to-run"
version = "0.14.27"
aggregated-from = "https://chromium.googlesource.com/chromiumos/third_party/rust_crates/+/refs/heads/main/cargo-vet/audits.toml?format=TEXT"

[[audits.google.audits.itoa]]
who = "ChromeOS"
criteria = "safe-to-run"
version = "1.0.5"
aggregated-from = "https://chromium.googlesource.com/chromiumos/third_party/rust_crates/+/refs/heads/main/cargo-vet/audits.toml?format=TEXT"

[[audits.google.audits.itoa]]
who = "George Burgess IV <gbiv@google.com>"
criteria = "safe-to-run"
delta = "1.0.5 -> 1.0.6"
aggregated-from = "https://chromium.googlesource.com/chromiumos/third_party/rust_crates/+/refs/heads/main/cargo-vet/audits.toml?format=TEXT"

[[audits.google.audits.itoa]]
who = "George Burgess IV <gbiv@google.com>"
criteria = "safe-to-run"
delta = "1.0.6 -> 1.0.9"
aggregated-from = "https://chromium.googlesource.com/chromiumos/third_party/rust_crates/+/refs/heads/main/cargo-vet/audits.toml?format=TEXT"

[[audits.google.audits.lazy_static]]
who = "Android Legacy"
criteria = "safe-to-run"
version = "1.4.0"
aggregated-from = "https://chromium.googlesource.com/chromiumos/third_party/rust_crates/+/refs/heads/main/cargo-vet/audits.toml?format=TEXT"

[[audits.google.audits.log]]
who = "ChromeOS"
criteria = "safe-to-run"
version = "0.4.17"
aggregated-from = "https://chromium.googlesource.com/chromiumos/third_party/rust_crates/+/refs/heads/main/cargo-vet/audits.toml?format=TEXT"

[[audits.google.audits.log]]
who = "George Burgess IV <gbiv@google.com>"
criteria = "safe-to-run"
delta = "0.4.17 -> 0.4.20"
aggregated-from = "https://chromium.googlesource.com/chromiumos/third_party/rust_crates/+/refs/heads/main/cargo-vet/audits.toml?format=TEXT"

[[audits.google.audits.memchr]]
who = "George Burgess IV <gbiv@google.com>"
criteria = "safe-to-run"
version = "2.6.3"
aggregated-from = "https://chromium.googlesource.com/chromiumos/third_party/rust_crates/+/refs/heads/main/cargo-vet/audits.toml?format=TEXT"

[[audits.google.audits.mime]]
who = "ChromeOS"
criteria = "safe-to-run"
version = "0.3.16"
aggregated-from = "https://chromium.googlesource.com/chromiumos/third_party/rust_crates/+/refs/heads/main/cargo-vet/audits.toml?format=TEXT"

[[audits.google.audits.mio]]
who = "Vovo Yang <vovoy@google.com>"
criteria = "safe-to-run"
version = "0.8.8"
aggregated-from = "https://chromium.googlesource.com/chromiumos/third_party/rust_crates/+/refs/heads/main/cargo-vet/audits.toml?format=TEXT"

[[audits.google.audits.once_cell]]
who = "crosvm"
criteria = "safe-to-run"
version = "1.17.0"
aggregated-from = "https://chromium.googlesource.com/chromiumos/third_party/rust_crates/+/refs/heads/main/cargo-vet/audits.toml?format=TEXT"

[[audits.google.audits.once_cell]]
who = "George Burgess IV <gbiv@google.com>"
criteria = "safe-to-run"
delta = "1.17.0 -> 1.18.0"
aggregated-from = "https://chromium.googlesource.com/chromiumos/third_party/rust_crates/+/refs/heads/main/cargo-vet/audits.toml?format=TEXT"

[[audits.google.audits.openssl-macros]]
who = "George Burgess IV <gbiv@google.com>"
criteria = "safe-to-deploy"
delta = "0.1.0 -> 0.1.1"
aggregated-from = "https://chromium.googlesource.com/chromiumos/third_party/rust_crates/+/refs/heads/main/cargo-vet/audits.toml?format=TEXT"

[[audits.google.audits.percent-encoding]]
who = "George Burgess IV <gbiv@google.com>"
criteria = "safe-to-run"
delta = "2.2.0 -> 2.3.0"
aggregated-from = "https://chromium.googlesource.com/chromiumos/third_party/rust_crates/+/refs/heads/main/cargo-vet/audits.toml?format=TEXT"

[[audits.google.audits.pin-project-lite]]
who = "ChromeOS"
criteria = "safe-to-run"
version = "0.2.9"
aggregated-from = "https://chromium.googlesource.com/chromiumos/third_party/rust_crates/+/refs/heads/main/cargo-vet/audits.toml?format=TEXT"

[[audits.google.audits.pin-project-lite]]
who = "David Koloski <dkoloski@google.com>"
criteria = "safe-to-deploy"
delta = "0.2.9 -> 0.2.13"
notes = "Audited at https://fxrev.dev/946396"
aggregated-from = "https://fuchsia.googlesource.com/fuchsia/+/refs/heads/main/third_party/rust_crates/supply-chain/audits.toml?format=TEXT"

[[audits.google.audits.pkg-config]]
who = "Alexandre Courbot <acourbot@chromium.org>"
criteria = "safe-to-run"
version = "0.3.26"
aggregated-from = "https://chromium.googlesource.com/chromiumos/third_party/rust_crates/+/refs/heads/main/cargo-vet/audits.toml?format=TEXT"

[[audits.google.audits.quote]]
who = "ChromeOS"
criteria = "safe-to-run"
version = "1.0.23"
aggregated-from = "https://chromium.googlesource.com/chromiumos/third_party/rust_crates/+/refs/heads/main/cargo-vet/audits.toml?format=TEXT"

[[audits.google.audits.quote]]
who = "George Burgess IV <gbiv@google.com>"
criteria = "safe-to-run"
delta = "1.0.23 -> 1.0.26"
aggregated-from = "https://chromium.googlesource.com/chromiumos/third_party/rust_crates/+/refs/heads/main/cargo-vet/audits.toml?format=TEXT"

[[audits.google.audits.quote]]
who = "George Burgess IV <gbiv@google.com>"
criteria = "safe-to-run"
delta = "1.0.26 -> 1.0.28"
aggregated-from = "https://chromium.googlesource.com/chromiumos/third_party/rust_crates/+/refs/heads/main/cargo-vet/audits.toml?format=TEXT"

[[audits.google.audits.quote]]
who = "George Burgess IV <gbiv@google.com>"
criteria = "safe-to-run"
delta = "1.0.28 -> 1.0.31"
aggregated-from = "https://chromium.googlesource.com/chromiumos/third_party/rust_crates/+/refs/heads/main/cargo-vet/audits.toml?format=TEXT"

[[audits.google.audits.serde_urlencoded]]
who = "ChromeOS"
criteria = "safe-to-run"
version = "0.7.1"
aggregated-from = "https://chromium.googlesource.com/chromiumos/third_party/rust_crates/+/refs/heads/main/cargo-vet/audits.toml?format=TEXT"

[[audits.google.audits.slab]]
who = "Android Legacy"
criteria = "safe-to-run"
version = "0.4.7"
aggregated-from = "https://chromium.googlesource.com/chromiumos/third_party/rust_crates/+/refs/heads/main/cargo-vet/audits.toml?format=TEXT"

[[audits.google.audits.socket2]]
who = "Vovo Yang <vovoy@google.com>"
criteria = "safe-to-run"
version = "0.4.9"
aggregated-from = "https://chromium.googlesource.com/chromiumos/third_party/rust_crates/+/refs/heads/main/cargo-vet/audits.toml?format=TEXT"

[[audits.google.audits.socket2]]
who = "David Koloski <dkoloski@google.com>"
criteria = "safe-to-deploy"
delta = "0.4.4 -> 0.5.5"
notes = "Reviewed at https://fxrev.dev/946307"
aggregated-from = "https://fuchsia.googlesource.com/fuchsia/+/refs/heads/main/third_party/rust_crates/supply-chain/audits.toml?format=TEXT"

[[audits.google.audits.sync_wrapper]]
who = "ChromeOS"
criteria = "safe-to-run"
version = "0.1.1"
aggregated-from = "https://chromium.googlesource.com/chromiumos/third_party/rust_crates/+/refs/heads/main/cargo-vet/audits.toml?format=TEXT"

[[audits.google.audits.tempfile]]
who = "George Burgess IV <gbiv@google.com>"
criteria = "safe-to-run"
version = "3.4.0"
aggregated-from = "https://chromium.googlesource.com/chromiumos/third_party/rust_crates/+/refs/heads/main/cargo-vet/audits.toml?format=TEXT"

[[audits.google.audits.tower-service]]
who = "ChromeOS"
criteria = "safe-to-run"
version = "0.3.2"
aggregated-from = "https://chromium.googlesource.com/chromiumos/third_party/rust_crates/+/refs/heads/main/cargo-vet/audits.toml?format=TEXT"

[[audits.google.audits.tracing]]
who = "ChromeOS"
criteria = "safe-to-run"
version = "0.1.35"
aggregated-from = "https://chromium.googlesource.com/chromiumos/third_party/rust_crates/+/refs/heads/main/cargo-vet/audits.toml?format=TEXT"

[[audits.google.audits.tracing-core]]
who = "ChromeOS"
criteria = "safe-to-run"
version = "0.1.29"
aggregated-from = "https://chromium.googlesource.com/chromiumos/third_party/rust_crates/+/refs/heads/main/cargo-vet/audits.toml?format=TEXT"

[[audits.google.audits.unicode-normalization]]
who = "George Burgess IV <gbiv@google.com>"
criteria = "safe-to-run"
version = "0.1.22"
aggregated-from = "https://chromium.googlesource.com/chromiumos/third_party/rust_crates/+/refs/heads/main/cargo-vet/audits.toml?format=TEXT"

[[audits.isrg.audits.base64]]
who = "Tim Geoghegan <timg@letsencrypt.org>"
criteria = "safe-to-deploy"
delta = "0.21.0 -> 0.21.1"

[[audits.isrg.audits.base64]]
who = "Brandon Pitman <bran@bran.land>"
criteria = "safe-to-deploy"
delta = "0.21.1 -> 0.21.2"

[[audits.isrg.audits.base64]]
who = "David Cook <dcook@divviup.org>"
criteria = "safe-to-deploy"
delta = "0.21.2 -> 0.21.3"

[[audits.isrg.audits.base64]]
who = "Ameer Ghani <inahga@divviup.org>"
criteria = "safe-to-run"
delta = "0.21.3 -> 0.21.4"

[[audits.isrg.audits.base64]]
who = "David Cook <dcook@divviup.org>"
criteria = "safe-to-run"
delta = "0.21.4 -> 0.21.5"

[[audits.isrg.audits.base64]]
who = "Brandon Pitman <bran@bran.land>"
criteria = "safe-to-run"
delta = "0.21.5 -> 0.21.6"
notes = "sourcegraph-based diff did not see the v0.21.6 tag; I retrieved a local copy of the repo and used that for diff'ing."

[[audits.isrg.audits.base64]]
who = "David Cook <dcook@divviup.org>"
criteria = "safe-to-run"
delta = "0.21.6 -> 0.21.7"

[[audits.isrg.audits.once_cell]]
who = "Brandon Pitman <bran@bran.land>"
criteria = "safe-to-deploy"
delta = "1.18.0 -> 1.19.0"

[[audits.mozilla.wildcard-audits.core-foundation-sys]]
who = "Bobby Holley <bobbyholley@gmail.com>"
criteria = "safe-to-deploy"
user-id = 5946 # Jeff Muizelaar (jrmuizel)
start = "2020-10-14"
end = "2023-05-04"
renew = false
notes = "I've reviewed every source contribution that was neither authored nor reviewed by Mozilla."
aggregated-from = "https://hg.mozilla.org/mozilla-central/raw-file/tip/supply-chain/audits.toml"

[[audits.mozilla.wildcard-audits.encoding_rs]]
who = "Henri Sivonen <hsivonen@hsivonen.fi>"
criteria = "safe-to-deploy"
user-id = 4484 # Henri Sivonen (hsivonen)
start = "2019-02-26"
end = "2024-08-28"
notes = "I, Henri Sivonen, wrote encoding_rs for Gecko and have reviewed contributions by others. There are two caveats to the certification: 1) The crate does things that are documented to be UB but that do not appear to actually be UB due to integer types differing from the general rule; https://github.com/hsivonen/encoding_rs/issues/79 . 2) It would be prudent to re-review the code that reinterprets buffers of integers as SIMD vectors; see https://github.com/hsivonen/encoding_rs/issues/87 ."
aggregated-from = "https://hg.mozilla.org/mozilla-central/raw-file/tip/supply-chain/audits.toml"

[[audits.mozilla.audits.anyhow]]
who = "Mike Hommey <mh+mozilla@glandium.org>"
criteria = "safe-to-deploy"
delta = "1.0.68 -> 1.0.69"
aggregated-from = "https://hg.mozilla.org/mozilla-central/raw-file/tip/supply-chain/audits.toml"

[[audits.mozilla.audits.autocfg]]
who = "Josh Stone <jistone@redhat.com>"
criteria = "safe-to-deploy"
version = "1.1.0"
notes = "All code written or reviewed by Josh Stone."
aggregated-from = "https://hg.mozilla.org/mozilla-central/raw-file/tip/supply-chain/audits.toml"

[[audits.mozilla.audits.errno]]
who = "Mike Hommey <mh+mozilla@glandium.org>"
criteria = "safe-to-deploy"
delta = "0.3.1 -> 0.3.3"
aggregated-from = "https://hg.mozilla.org/mozilla-central/raw-file/tip/supply-chain/audits.toml"

[[audits.mozilla.audits.fastrand]]
who = "Mike Hommey <mh+mozilla@glandium.org>"
criteria = "safe-to-deploy"
delta = "1.9.0 -> 2.0.0"
aggregated-from = "https://hg.mozilla.org/mozilla-central/raw-file/tip/supply-chain/audits.toml"

[[audits.mozilla.audits.fnv]]
who = "Bobby Holley <bobbyholley@gmail.com>"
criteria = "safe-to-deploy"
version = "1.0.7"
notes = "Simple hasher implementation with no unsafe code."
aggregated-from = "https://hg.mozilla.org/mozilla-central/raw-file/tip/supply-chain/audits.toml"

[[audits.mozilla.audits.form_urlencoded]]
who = "Valentin Gosu <valentin.gosu@gmail.com>"
criteria = "safe-to-deploy"
version = "1.2.0"
aggregated-from = "https://hg.mozilla.org/mozilla-central/raw-file/tip/supply-chain/audits.toml"

[[audits.mozilla.audits.form_urlencoded]]
who = "Valentin Gosu <valentin.gosu@gmail.com>"
criteria = "safe-to-deploy"
delta = "1.2.0 -> 1.2.1"
aggregated-from = "https://hg.mozilla.org/mozilla-central/raw-file/tip/supply-chain/audits.toml"

[[audits.mozilla.audits.idna]]
who = "Valentin Gosu <valentin.gosu@gmail.com>"
criteria = "safe-to-deploy"
delta = "0.4.0 -> 0.5.0"
aggregated-from = "https://hg.mozilla.org/mozilla-central/raw-file/tip/supply-chain/audits.toml"

[[audits.mozilla.audits.percent-encoding]]
who = "Valentin Gosu <valentin.gosu@gmail.com>"
criteria = "safe-to-deploy"
delta = "2.3.0 -> 2.3.1"
aggregated-from = "https://hg.mozilla.org/mozilla-central/raw-file/tip/supply-chain/audits.toml"

[[audits.mozilla.audits.slab]]
who = "Mike Hommey <mh+mozilla@glandium.org>"
criteria = "safe-to-deploy"
delta = "0.4.7 -> 0.4.8"
aggregated-from = "https://hg.mozilla.org/mozilla-central/raw-file/tip/supply-chain/audits.toml"

[[audits.mozilla.audits.tempfile]]
who = "Jan-Erik Rediger <jrediger@mozilla.com>"
criteria = "safe-to-deploy"
delta = "3.4.0 -> 3.5.0"
aggregated-from = "https://raw.githubusercontent.com/mozilla/glean/main/supply-chain/audits.toml"

[[audits.mozilla.audits.tempfile]]
who = "Mike Hommey <mh+mozilla@glandium.org>"
criteria = "safe-to-deploy"
delta = "3.6.0 -> 3.8.0"
aggregated-from = "https://hg.mozilla.org/mozilla-central/raw-file/tip/supply-chain/audits.toml"

[[audits.mozilla.audits.tempfile]]
who = "Mike Hommey <mh+mozilla@glandium.org>"
criteria = "safe-to-deploy"
delta = "3.8.0 -> 3.9.0"
aggregated-from = "https://hg.mozilla.org/mozilla-central/raw-file/tip/supply-chain/audits.toml"

[[audits.mozilla.audits.tracing]]
who = "Mike Hommey <mh+mozilla@glandium.org>"
criteria = "safe-to-run"
delta = "0.1.35 -> 0.1.36"
aggregated-from = "https://hg.mozilla.org/mozilla-central/raw-file/tip/supply-chain/audits.toml"

[[audits.mozilla.audits.tracing]]
who = "Mike Hommey <mh+mozilla@glandium.org>"
criteria = "safe-to-run"
delta = "0.1.36 -> 0.1.37"
aggregated-from = "https://hg.mozilla.org/mozilla-central/raw-file/tip/supply-chain/audits.toml"

[[audits.mozilla.audits.tracing-core]]
who = "Mike Hommey <mh+mozilla@glandium.org>"
criteria = "safe-to-run"
delta = "0.1.29 -> 0.1.30"
aggregated-from = "https://hg.mozilla.org/mozilla-central/raw-file/tip/supply-chain/audits.toml"

[[audits.mozilla.audits.unicode-bidi]]
who = "Makoto Kato <m_kato@ga2.so-net.ne.jp>"
criteria = "safe-to-deploy"
delta = "0.3.8 -> 0.3.13"
aggregated-from = "https://hg.mozilla.org/mozilla-central/raw-file/tip/supply-chain/audits.toml"

[[audits.mozilla.audits.unicode-bidi]]
who = "Jonathan Kew <jkew@mozilla.com>"
criteria = "safe-to-deploy"
delta = "0.3.13 -> 0.3.14"
notes = "I am the author of the bulk of the upstream changes in this version, and also checked the remaining post-0.3.13 changes."
aggregated-from = "https://hg.mozilla.org/mozilla-central/raw-file/tip/supply-chain/audits.toml"

[[audits.mozilla.audits.unicode-bidi]]
who = "Jonathan Kew <jfkthame@gmail.com>"
criteria = "safe-to-deploy"
delta = "0.3.14 -> 0.3.15"
aggregated-from = "https://hg.mozilla.org/mozilla-central/raw-file/tip/supply-chain/audits.toml"

[[audits.mozilla.audits.unicode-ident]]
who = "Jan-Erik Rediger <jrediger@mozilla.com>"
criteria = "safe-to-deploy"
delta = "1.0.8 -> 1.0.9"
notes = "Dependency updates only"
aggregated-from = "https://raw.githubusercontent.com/mozilla/glean/main/supply-chain/audits.toml"

[[audits.mozilla.audits.url]]
who = "Valentin Gosu <valentin.gosu@gmail.com>"
criteria = "safe-to-deploy"
version = "2.4.0"
aggregated-from = "https://hg.mozilla.org/mozilla-central/raw-file/tip/supply-chain/audits.toml"

[[audits.mozilla.audits.url]]
who = "Valentin Gosu <valentin.gosu@gmail.com>"
criteria = "safe-to-deploy"
delta = "2.4.0 -> 2.4.1"
aggregated-from = "https://hg.mozilla.org/mozilla-central/raw-file/tip/supply-chain/audits.toml"

[[audits.mozilla.audits.url]]
who = "Valentin Gosu <valentin.gosu@gmail.com>"
criteria = "safe-to-deploy"
delta = "2.4.1 -> 2.5.0"
aggregated-from = "https://hg.mozilla.org/mozilla-central/raw-file/tip/supply-chain/audits.toml"

[[audits.securedrop.audits.cc]]
who = "Cory Francis Myers <cory@freedom.press>"
criteria = "safe-to-run"
delta = "1.0.73 -> 1.0.83"
aggregated-from = "https://raw.githubusercontent.com/freedomofpress/securedrop/develop/supply-chain/audits.toml"

[[audits.securedrop.audits.crc32fast]]
who = "Cory Francis Myers <cory@freedom.press>"
criteria = "safe-to-run"
version = "1.3.2"
aggregated-from = "https://raw.githubusercontent.com/freedomofpress/securedrop/develop/supply-chain/audits.toml"

[[audits.securedrop.audits.idna]]
who = "Kunal Mehta <legoktm@debian.org>"
criteria = "safe-to-run"
delta = "0.3.0 -> 0.4.0"
notes = "Primarily adding a no_std mode"
aggregated-from = "https://raw.githubusercontent.com/freedomofpress/securedrop/develop/supply-chain/audits.toml"

[[audits.zcash.audits.anyhow]]
who = "Jack Grigg <jack@electriccoin.co>"
criteria = "safe-to-deploy"
delta = "1.0.71 -> 1.0.75"
notes = """
`unsafe` changes are migrating from `core::any::Demand` to `std::error::Request` when the
nightly features are available.
"""
aggregated-from = "https://raw.githubusercontent.com/zcash/zcash/master/qa/supply-chain/audits.toml"

[[audits.zcash.audits.backtrace]]
who = "Jack Grigg <jack@electriccoin.co>"
criteria = "safe-to-deploy"
delta = "0.3.67 -> 0.3.69"
notes = """
Changes to `unsafe` blocks:
- New call to `GetCurrentProcessId` on Windows, to help generate a process-unique name to
  use inside an existing `CreateMutexA` call.
- Uses `libc::mmap64` on Linux instead of `libc::mmap`.
- Alters `Stash` to allow caching more than one `Mmap`; the existing `unsafe` safety
  condition continues to be applicable.

There are also several more places where DWARF data is mmapped from a filesystem path and
then loaded. These appear to all derive from existing paths that themselves were already
being mmapped and loaded.
"""
aggregated-from = "https://raw.githubusercontent.com/zcash/zcash/master/qa/supply-chain/audits.toml"

[[audits.zcash.audits.bytes]]
who = "Jack Grigg <jack@electriccoin.co>"
criteria = "safe-to-deploy"
delta = "1.4.0 -> 1.5.0"
notes = """
- Introduces new `unsafe` blocks inside new `UninitSlice` constructors, but these replace
  existing equivalent `unsafe` blocks that were directly constructing `UninitSlice`.
- Adds `unsafe impl BufMut for &mut [core::mem::MaybeUninit<u8>]`, which is implemented
  almost identically to the existing `unsafe impl BufMut for &mut [u8]`.
"""
aggregated-from = "https://raw.githubusercontent.com/zcash/zcash/master/qa/supply-chain/audits.toml"

[[audits.zcash.audits.errno]]
who = "Jack Grigg <jack@electriccoin.co>"
criteria = "safe-to-deploy"
delta = "0.3.3 -> 0.3.8"
aggregated-from = "https://raw.githubusercontent.com/zcash/zcash/master/qa/supply-chain/audits.toml"

[[audits.zcash.audits.futures-channel]]
who = "Jack Grigg <jack@electriccoin.co>"
criteria = "safe-to-deploy"
delta = "0.3.28 -> 0.3.29"
aggregated-from = "https://raw.githubusercontent.com/zcash/zcash/master/qa/supply-chain/audits.toml"

[[audits.zcash.audits.futures-channel]]
who = "Jack Grigg <jack@electriccoin.co>"
criteria = "safe-to-deploy"
delta = "0.3.29 -> 0.3.30"
notes = "Removes `build.rs` now that it can rely on the `target_has_atomic` attribute."
aggregated-from = "https://raw.githubusercontent.com/zcash/zcash/master/qa/supply-chain/audits.toml"

[[audits.zcash.audits.futures-core]]
who = "Jack Grigg <jack@electriccoin.co>"
criteria = "safe-to-deploy"
delta = "0.3.28 -> 0.3.29"
aggregated-from = "https://raw.githubusercontent.com/zcash/zcash/master/qa/supply-chain/audits.toml"

[[audits.zcash.audits.futures-core]]
who = "Jack Grigg <jack@electriccoin.co>"
criteria = "safe-to-deploy"
delta = "0.3.29 -> 0.3.30"
notes = "Removes `build.rs` now that it can rely on the `target_has_atomic` attribute."
aggregated-from = "https://raw.githubusercontent.com/zcash/zcash/master/qa/supply-chain/audits.toml"

[[audits.zcash.audits.futures-task]]
who = "Jack Grigg <jack@electriccoin.co>"
criteria = "safe-to-deploy"
delta = "0.3.28 -> 0.3.29"
aggregated-from = "https://raw.githubusercontent.com/zcash/zcash/master/qa/supply-chain/audits.toml"

[[audits.zcash.audits.futures-task]]
who = "Jack Grigg <jack@electriccoin.co>"
criteria = "safe-to-deploy"
delta = "0.3.29 -> 0.3.30"
notes = "Removes `build.rs` now that it can rely on the `target_has_atomic` attribute."
aggregated-from = "https://raw.githubusercontent.com/zcash/zcash/master/qa/supply-chain/audits.toml"

[[audits.zcash.audits.futures-util]]
who = "Jack Grigg <jack@electriccoin.co>"
criteria = "safe-to-deploy"
delta = "0.3.28 -> 0.3.29"
notes = """
Only change to `unsafe` code is to add a `Fut: Send` bound to the
`unsafe impl Sync for FuturesUnordered<Fut>`.
"""
aggregated-from = "https://raw.githubusercontent.com/zcash/zcash/master/qa/supply-chain/audits.toml"

[[audits.zcash.audits.futures-util]]
who = "Jack Grigg <jack@electriccoin.co>"
criteria = "safe-to-deploy"
delta = "0.3.29 -> 0.3.30"
notes = """
- Removes `build.rs` now that it can rely on the `target_has_atomic` attribute.
- Almost all changes to `unsafe` blocks are to either move them around, or
  replace them with safe method calls.
- One new `unsafe` block is added for a slice lifetime transmutation. The slice
  reconstruction is obviously correct. AFAICT the lifetime transmutation is also
  correct; the slice's lifetime logically comes from the `AsyncBufRead` reader
  inside `FillBuf`, rather than the `Context`.
"""
aggregated-from = "https://raw.githubusercontent.com/zcash/zcash/master/qa/supply-chain/audits.toml"

[[audits.zcash.audits.http]]
who = "Jack Grigg <jack@electriccoin.co>"
criteria = "safe-to-deploy"
delta = "1.0.0 -> 0.2.11"
aggregated-from = "https://raw.githubusercontent.com/zcash/zcash/master/qa/supply-chain/audits.toml"

[[audits.zcash.audits.http-body]]
who = "Jack Grigg <jack@electriccoin.co>"
criteria = "safe-to-deploy"
delta = "0.4.5 -> 0.4.6"
aggregated-from = "https://raw.githubusercontent.com/zcash/zcash/master/qa/supply-chain/audits.toml"

[[audits.zcash.audits.hyper]]
who = "Jack Grigg <jack@electriccoin.co>"
criteria = "safe-to-deploy"
delta = "0.14.27 -> 0.14.28"
aggregated-from = "https://raw.githubusercontent.com/zcash/zcash/master/qa/supply-chain/audits.toml"

[[audits.zcash.audits.itoa]]
who = "Jack Grigg <jack@electriccoin.co>"
criteria = "safe-to-deploy"
delta = "1.0.9 -> 1.0.10"
aggregated-from = "https://raw.githubusercontent.com/zcash/zcash/master/qa/supply-chain/audits.toml"

[[audits.zcash.audits.memchr]]
who = "Jack Grigg <jack@electriccoin.co>"
criteria = "safe-to-deploy"
delta = "2.6.3 -> 2.6.4"
aggregated-from = "https://raw.githubusercontent.com/zcash/zcash/master/qa/supply-chain/audits.toml"

[[audits.zcash.audits.memchr]]
who = "Jack Grigg <jack@electriccoin.co>"
criteria = "safe-to-deploy"
delta = "2.6.4 -> 2.7.1"
notes = """
Change to an `unsafe fn` is to rework the short-tail handling of a fixed-length
comparison between `u8` pointers. The new tail code matches the existing head
code (but adapted to `u16` and `u8` reads, instead of `u32`).
"""
aggregated-from = "https://raw.githubusercontent.com/zcash/zcash/master/qa/supply-chain/audits.toml"

[[audits.zcash.audits.quote]]
who = "Jack Grigg <jack@electriccoin.co>"
criteria = "safe-to-deploy"
delta = "1.0.31 -> 1.0.33"
aggregated-from = "https://raw.githubusercontent.com/zcash/zcash/master/qa/supply-chain/audits.toml"

[[audits.zcash.audits.quote]]
who = "Jack Grigg <jack@electriccoin.co>"
criteria = "safe-to-deploy"
delta = "1.0.33 -> 1.0.35"
aggregated-from = "https://raw.githubusercontent.com/zcash/zcash/master/qa/supply-chain/audits.toml"

[[audits.zcash.audits.rustc-demangle]]
who = "Sean Bowe <ewillbefull@gmail.com>"
criteria = "safe-to-deploy"
delta = "0.1.21 -> 0.1.22"
aggregated-from = "https://raw.githubusercontent.com/zcash/zcash/master/qa/supply-chain/audits.toml"

[[audits.zcash.audits.rustc-demangle]]
who = "Jack Grigg <jack@electriccoin.co>"
criteria = "safe-to-deploy"
delta = "0.1.22 -> 0.1.23"
aggregated-from = "https://raw.githubusercontent.com/zcash/zcash/master/qa/supply-chain/audits.toml"

[[audits.zcash.audits.tinyvec_macros]]
who = "Jack Grigg <jack@z.cash>"
criteria = "safe-to-deploy"
delta = "0.1.0 -> 0.1.1"
notes = "Adds `#![forbid(unsafe_code)]` and license files."
aggregated-from = "https://raw.githubusercontent.com/zcash/zcash/master/qa/supply-chain/audits.toml"

[[audits.zcash.audits.tracing-core]]
who = "Jack Grigg <jack@electriccoin.co>"
criteria = "safe-to-deploy"
delta = "0.1.30 -> 0.1.31"
notes = """
The only new `unsafe` block is to intentionally leak a scoped subscriber onto
the heap when setting it as the global default dispatcher. I checked that the
global default can only be set once and is never dropped.
"""
aggregated-from = "https://raw.githubusercontent.com/zcash/zcash/master/qa/supply-chain/audits.toml"

[[audits.zcash.audits.tracing-core]]
who = "Jack Grigg <jack@electriccoin.co>"
criteria = "safe-to-deploy"
delta = "0.1.31 -> 0.1.32"
aggregated-from = "https://raw.githubusercontent.com/zcash/zcash/master/qa/supply-chain/audits.toml"

[[audits.zcash.audits.try-lock]]
who = "Jack Grigg <jack@electriccoin.co>"
criteria = "safe-to-deploy"
delta = "0.2.4 -> 0.2.5"
notes = "Bumps MSRV to remove unsafe code block."
aggregated-from = "https://raw.githubusercontent.com/zcash/zcash/master/qa/supply-chain/audits.toml"

[[audits.zcash.audits.unicode-ident]]
who = "Jack Grigg <jack@electriccoin.co>"
criteria = "safe-to-deploy"
delta = "1.0.9 -> 1.0.12"
aggregated-from = "https://raw.githubusercontent.com/zcash/zcash/master/qa/supply-chain/audits.toml"

[[audits.zcash.audits.want]]
who = "Jack Grigg <jack@electriccoin.co>"
criteria = "safe-to-deploy"
delta = "0.3.0 -> 0.3.1"
notes = """
Migrates to `try-lock 0.2.4` to replace some unsafe APIs that were not marked
`unsafe` (but that were being used safely).
"""
aggregated-from = "https://raw.githubusercontent.com/zcash/zcash/master/qa/supply-chain/audits.toml"
